{
  "originHash" : "94907f0c23fe5969bd9e9b7d62aa10bbfbcb13278151b2407b11af07f518149c",
  "pins" : [
    {
      "identity" : "container",
      "kind" : "remoteSourceControl",
      "location" : "https://github.com/pikciu/Container.git",
      "state" : {
        "revision" : "51e239f5072be8bfdf8520fc50142a6414ef82f3",
        "version" : "1.4.0"
      }
    },
    {
      "identity" : "realm-core",
      "kind" : "remoteSourceControl",
      "location" : "https://github.com/realm/realm-core.git",
      "state" : {
        "revision" : "e474a8d2270a8b12ac63ac9504e4757e39814b99",
        "version" : "14.13.0"
      }
    },
    {
      "identity" : "realm-swift",
      "kind" : "remoteSourceControl",
      "location" : "https://github.com/realm/realm-swift.git",
      "state" : {
        "revision" : "863498d37a9f0e72caa65963da9641d8cdfc8228",
        "version" : "10.54.0"
      }
    },
    {
      "identity" : "swiftui-utils",
      "kind" : "remoteSourceControl",
      "location" : "https://github.com/pikciu/SwiftUI-Utils.git",
      "state" : {
        "revision" : "53777050a4e739910f6499dbe2fad7ebcff21d86",
        "version" : "1.0.4"
      }
    }
  ],
  "version" : 3
}
