// !$*UTF8*$!
{
	archiveVersion = 1;
	classes = {
	};
	objectVersion = 56;
	objects = {

/* Begin PBXBuildFile section */
		8F763C992BB6EA7B00B48DB4 /* AppDelegate.swift in Sources */ = {isa = PBXBuildFile; fileRef = 8F763C982BB6EA7B00B48DB4 /* AppDelegate.swift */; };
		8F763C9B2BB6EA7B00B48DB4 /* SceneDelegate.swift in Sources */ = {isa = PBXBuildFile; fileRef = 8F763C9A2BB6EA7B00B48DB4 /* SceneDelegate.swift */; };
		8F763C9D2BB6EA7B00B48DB4 /* ViewController.swift in Sources */ = {isa = PBXBuildFile; fileRef = 8F763C9C2BB6EA7B00B48DB4 /* ViewController.swift */; };
		8F763CA22BB6EA7B00B48DB4 /* Assets.xcassets in Resources */ = {isa = PBXBuildFile; fileRef = 8F763CA12BB6EA7B00B48DB4 /* Assets.xcassets */; };
		8F763CA52BB6EA7B00B48DB4 /* Base in Resources */ = {isa = PBXBuildFile; fileRef = 8F763CA42BB6EA7B00B48DB4 /* Base */; };
		8F763CB02BB6EA7C00B48DB4 /* AppTests.swift in Sources */ = {isa = PBXBuildFile; fileRef = 8F763CAF2BB6EA7C00B48DB4 /* AppTests.swift */; };
		8F763CBA2BB6EA7C00B48DB4 /* AppUITests.swift in Sources */ = {isa = PBXBuildFile; fileRef = 8F763CB92BB6EA7C00B48DB4 /* AppUITests.swift */; };
		8F763CBC2BB6EA7C00B48DB4 /* AppUITestsLaunchTests.swift in Sources */ = {isa = PBXBuildFile; fileRef = 8F763CBB2BB6EA7C00B48DB4 /* AppUITestsLaunchTests.swift */; };
		8F763D3B2BB6EEEC00B48DB4 /* Config.xcconfig in Resources */ = {isa = PBXBuildFile; fileRef = 8F763D3A2BB6EEEC00B48DB4 /* Config.xcconfig */; };
/* End PBXBuildFile section */

/* Begin PBXContainerItemProxy section */
		8F763CAC2BB6EA7C00B48DB4 /* PBXContainerItemProxy */ = {
			isa = PBXContainerItemProxy;
			containerPortal = 8F763C8D2BB6EA7A00B48DB4 /* Project object */;
			proxyType = 1;
			remoteGlobalIDString = 8F763C942BB6EA7A00B48DB4;
			remoteInfo = App;
		};
		8F763CB62BB6EA7C00B48DB4 /* PBXContainerItemProxy */ = {
			isa = PBXContainerItemProxy;
			containerPortal = 8F763C8D2BB6EA7A00B48DB4 /* Project object */;
			proxyType = 1;
			remoteGlobalIDString = 8F763C942BB6EA7A00B48DB4;
			remoteInfo = App;
		};
/* End PBXContainerItemProxy section */

/* Begin PBXFileReference section */
		8F763C952BB6EA7B00B48DB4 /* App.app */ = {isa = PBXFileReference; explicitFileType = wrapper.application; includeInIndex = 0; path = App.app; sourceTree = BUILT_PRODUCTS_DIR; };
		8F763C982BB6EA7B00B48DB4 /* AppDelegate.swift */ = {isa = PBXFileReference; lastKnownFileType = sourcecode.swift; path = AppDelegate.swift; sourceTree = "<group>"; };
		8F763C9A2BB6EA7B00B48DB4 /* SceneDelegate.swift */ = {isa = PBXFileReference; lastKnownFileType = sourcecode.swift; path = SceneDelegate.swift; sourceTree = "<group>"; };
		8F763C9C2BB6EA7B00B48DB4 /* ViewController.swift */ = {isa = PBXFileReference; lastKnownFileType = sourcecode.swift; path = ViewController.swift; sourceTree = "<group>"; };
		8F763CA12BB6EA7B00B48DB4 /* Assets.xcassets */ = {isa = PBXFileReference; lastKnownFileType = folder.assetcatalog; path = Assets.xcassets; sourceTree = "<group>"; };
		8F763CA42BB6EA7B00B48DB4 /* Base */ = {isa = PBXFileReference; lastKnownFileType = file.storyboard; name = Base; path = Base.lproj/LaunchScreen.storyboard; sourceTree = "<group>"; };
		8F763CA62BB6EA7B00B48DB4 /* Info.plist */ = {isa = PBXFileReference; lastKnownFileType = text.plist.xml; path = Info.plist; sourceTree = "<group>"; };
		8F763CAB2BB6EA7C00B48DB4 /* AppTests.xctest */ = {isa = PBXFileReference; explicitFileType = wrapper.cfbundle; includeInIndex = 0; path = AppTests.xctest; sourceTree = BUILT_PRODUCTS_DIR; };
		8F763CAF2BB6EA7C00B48DB4 /* AppTests.swift */ = {isa = PBXFileReference; lastKnownFileType = sourcecode.swift; path = AppTests.swift; sourceTree = "<group>"; };
		8F763CB52BB6EA7C00B48DB4 /* AppUITests.xctest */ = {isa = PBXFileReference; explicitFileType = wrapper.cfbundle; includeInIndex = 0; path = AppUITests.xctest; sourceTree = BUILT_PRODUCTS_DIR; };
		8F763CB92BB6EA7C00B48DB4 /* AppUITests.swift */ = {isa = PBXFileReference; lastKnownFileType = sourcecode.swift; path = AppUITests.swift; sourceTree = "<group>"; };
		8F763CBB2BB6EA7C00B48DB4 /* AppUITestsLaunchTests.swift */ = {isa = PBXFileReference; lastKnownFileType = sourcecode.swift; path = AppUITestsLaunchTests.swift; sourceTree = "<group>"; };
		8F763D3A2BB6EEEC00B48DB4 /* Config.xcconfig */ = {isa = PBXFileReference; fileEncoding = 4; lastKnownFileType = text.xcconfig; name = Config.xcconfig; path = ../Config.xcconfig; sourceTree = "<group>"; };
/* End PBXFileReference section */

/* Begin PBXFrameworksBuildPhase section */
		8F763C922BB6EA7A00B48DB4 /* Frameworks */ = {
			isa = PBXFrameworksBuildPhase;
			buildActionMask = 2147483647;
			files = (
			);
			runOnlyForDeploymentPostprocessing = 0;
		};
		8F763CA82BB6EA7C00B48DB4 /* Frameworks */ = {
			isa = PBXFrameworksBuildPhase;
			buildActionMask = 2147483647;
			files = (
			);
			runOnlyForDeploymentPostprocessing = 0;
		};
		8F763CB22BB6EA7C00B48DB4 /* Frameworks */ = {
			isa = PBXFrameworksBuildPhase;
			buildActionMask = 2147483647;
			files = (
			);
			runOnlyForDeploymentPostprocessing = 0;
		};
/* End PBXFrameworksBuildPhase section */

/* Begin PBXGroup section */
		8F763C8C2BB6EA7A00B48DB4 = {
			isa = PBXGroup;
			children = (
				8F763D3A2BB6EEEC00B48DB4 /* Config.xcconfig */,
				8F763C972BB6EA7B00B48DB4 /* App */,
				8F763CAE2BB6EA7C00B48DB4 /* AppTests */,
				8F763CB82BB6EA7C00B48DB4 /* AppUITests */,
				8F763C962BB6EA7B00B48DB4 /* Products */,
			);
			sourceTree = "<group>";
		};
		8F763C962BB6EA7B00B48DB4 /* Products */ = {
			isa = PBXGroup;
			children = (
				8F763C952BB6EA7B00B48DB4 /* App.app */,
				8F763CAB2BB6EA7C00B48DB4 /* AppTests.xctest */,
				8F763CB52BB6EA7C00B48DB4 /* AppUITests.xctest */,
			);
			name = Products;
			sourceTree = "<group>";
		};
		8F763C972BB6EA7B00B48DB4 /* App */ = {
			isa = PBXGroup;
			children = (
				8F763C982BB6EA7B00B48DB4 /* AppDelegate.swift */,
				8F763C9A2BB6EA7B00B48DB4 /* SceneDelegate.swift */,
				8F763C9C2BB6EA7B00B48DB4 /* ViewController.swift */,
				8F763CA12BB6EA7B00B48DB4 /* Assets.xcassets */,
				8F763CA32BB6EA7B00B48DB4 /* LaunchScreen.storyboard */,
				8F763CA62BB6EA7B00B48DB4 /* Info.plist */,
			);
			path = App;
			sourceTree = "<group>";
		};
		8F763CAE2BB6EA7C00B48DB4 /* AppTests */ = {
			isa = PBXGroup;
			children = (
				8F763CAF2BB6EA7C00B48DB4 /* AppTests.swift */,
			);
			path = AppTests;
			sourceTree = "<group>";
		};
		8F763CB82BB6EA7C00B48DB4 /* AppUITests */ = {
			isa = PBXGroup;
			children = (
				8F763CB92BB6EA7C00B48DB4 /* AppUITests.swift */,
				8F763CBB2BB6EA7C00B48DB4 /* AppUITestsLaunchTests.swift */,
			);
			path = AppUITests;
			sourceTree = "<group>";
		};
/* End PBXGroup section */

/* Begin PBXNativeTarget section */
		8F763C942BB6EA7A00B48DB4 /* App */ = {
			isa = PBXNativeTarget;
			buildConfigurationList = 8F763CBF2BB6EA7C00B48DB4 /* Build configuration list for PBXNativeTarget "App" */;
			buildPhases = (
				8F763C912BB6EA7A00B48DB4 /* Sources */,
				8F763C922BB6EA7A00B48DB4 /* Frameworks */,
				8F763C932BB6EA7A00B48DB4 /* Resources */,
			);
			buildRules = (
			);
			dependencies = (
			);
			name = App;
			productName = App;
			productReference = 8F763C952BB6EA7B00B48DB4 /* App.app */;
			productType = "com.apple.product-type.application";
		};
		8F763CAA2BB6EA7C00B48DB4 /* AppTests */ = {
			isa = PBXNativeTarget;
			buildConfigurationList = 8F763CC22BB6EA7C00B48DB4 /* Build configuration list for PBXNativeTarget "AppTests" */;
			buildPhases = (
				8F763CA72BB6EA7C00B48DB4 /* Sources */,
				8F763CA82BB6EA7C00B48DB4 /* Frameworks */,
				8F763CA92BB6EA7C00B48DB4 /* Resources */,
			);
			buildRules = (
			);
			dependencies = (
				8F763CAD2BB6EA7C00B48DB4 /* PBXTargetDependency */,
			);
			name = AppTests;
			productName = AppTests;
			productReference = 8F763CAB2BB6EA7C00B48DB4 /* AppTests.xctest */;
			productType = "com.apple.product-type.bundle.unit-test";
		};
		8F763CB42BB6EA7C00B48DB4 /* AppUITests */ = {
			isa = PBXNativeTarget;
			buildConfigurationList = 8F763CC52BB6EA7C00B48DB4 /* Build configuration list for PBXNativeTarget "AppUITests" */;
			buildPhases = (
				8F763CB12BB6EA7C00B48DB4 /* Sources */,
				8F763CB22BB6EA7C00B48DB4 /* Frameworks */,
				8F763CB32BB6EA7C00B48DB4 /* Resources */,
			);
			buildRules = (
			);
			dependencies = (
				8F763CB72BB6EA7C00B48DB4 /* PBXTargetDependency */,
			);
			name = AppUITests;
			productName = AppUITests;
			productReference = 8F763CB52BB6EA7C00B48DB4 /* AppUITests.xctest */;
			productType = "com.apple.product-type.bundle.ui-testing";
		};
/* End PBXNativeTarget section */

/* Begin PBXProject section */
		8F763C8D2BB6EA7A00B48DB4 /* Project object */ = {
			isa = PBXProject;
			attributes = {
				BuildIndependentTargetsInParallel = 1;
				LastSwiftUpdateCheck = 1530;
				LastUpgradeCheck = 1530;
				TargetAttributes = {
					8F763C942BB6EA7A00B48DB4 = {
						CreatedOnToolsVersion = 15.3;
					};
					8F763CAA2BB6EA7C00B48DB4 = {
						CreatedOnToolsVersion = 15.3;
						TestTargetID = 8F763C942BB6EA7A00B48DB4;
					};
					8F763CB42BB6EA7C00B48DB4 = {
						CreatedOnToolsVersion = 15.3;
						TestTargetID = 8F763C942BB6EA7A00B48DB4;
					};
				};
			};
			buildConfigurationList = 8F763C902BB6EA7A00B48DB4 /* Build configuration list for PBXProject "App" */;
			compatibilityVersion = "Xcode 14.0";
			developmentRegion = en;
			hasScannedForEncodings = 0;
			knownRegions = (
				en,
				Base,
			);
			mainGroup = 8F763C8C2BB6EA7A00B48DB4;
			productRefGroup = 8F763C962BB6EA7B00B48DB4 /* Products */;
			projectDirPath = "";
			projectRoot = "";
			targets = (
				8F763C942BB6EA7A00B48DB4 /* App */,
				8F763CAA2BB6EA7C00B48DB4 /* AppTests */,
				8F763CB42BB6EA7C00B48DB4 /* AppUITests */,
			);
		};
/* End PBXProject section */

/* Begin PBXResourcesBuildPhase section */
		8F763C932BB6EA7A00B48DB4 /* Resources */ = {
			isa = PBXResourcesBuildPhase;
			buildActionMask = 2147483647;
			files = (
				8F763CA22BB6EA7B00B48DB4 /* Assets.xcassets in Resources */,
				8F763D3B2BB6EEEC00B48DB4 /* Config.xcconfig in Resources */,
				8F763CA52BB6EA7B00B48DB4 /* Base in Resources */,
			);
			runOnlyForDeploymentPostprocessing = 0;
		};
		8F763CA92BB6EA7C00B48DB4 /* Resources */ = {
			isa = PBXResourcesBuildPhase;
			buildActionMask = 2147483647;
			files = (
			);
			runOnlyForDeploymentPostprocessing = 0;
		};
		8F763CB32BB6EA7C00B48DB4 /* Resources */ = {
			isa = PBXResourcesBuildPhase;
			buildActionMask = 2147483647;
			files = (
			);
			runOnlyForDeploymentPostprocessing = 0;
		};
/* End PBXResourcesBuildPhase section */

/* Begin PBXSourcesBuildPhase section */
		8F763C912BB6EA7A00B48DB4 /* Sources */ = {
			isa = PBXSourcesBuildPhase;
			buildActionMask = 2147483647;
			files = (
				8F763C9D2BB6EA7B00B48DB4 /* ViewController.swift in Sources */,
				8F763C992BB6EA7B00B48DB4 /* AppDelegate.swift in Sources */,
				8F763C9B2BB6EA7B00B48DB4 /* SceneDelegate.swift in Sources */,
			);
			runOnlyForDeploymentPostprocessing = 0;
		};
		8F763CA72BB6EA7C00B48DB4 /* Sources */ = {
			isa = PBXSourcesBuildPhase;
			buildActionMask = 2147483647;
			files = (
				8F763CB02BB6EA7C00B48DB4 /* AppTests.swift in Sources */,
			);
			runOnlyForDeploymentPostprocessing = 0;
		};
		8F763CB12BB6EA7C00B48DB4 /* Sources */ = {
			isa = PBXSourcesBuildPhase;
			buildActionMask = 2147483647;
			files = (
				8F763CBC2BB6EA7C00B48DB4 /* AppUITestsLaunchTests.swift in Sources */,
				8F763CBA2BB6EA7C00B48DB4 /* AppUITests.swift in Sources */,
			);
			runOnlyForDeploymentPostprocessing = 0;
		};
/* End PBXSourcesBuildPhase section */

/* Begin PBXTargetDependency section */
		8F763CAD2BB6EA7C00B48DB4 /* PBXTargetDependency */ = {
			isa = PBXTargetDependency;
			target = 8F763C942BB6EA7A00B48DB4 /* App */;
			targetProxy = 8F763CAC2BB6EA7C00B48DB4 /* PBXContainerItemProxy */;
		};
		8F763CB72BB6EA7C00B48DB4 /* PBXTargetDependency */ = {
			isa = PBXTargetDependency;
			target = 8F763C942BB6EA7A00B48DB4 /* App */;
			targetProxy = 8F763CB62BB6EA7C00B48DB4 /* PBXContainerItemProxy */;
		};
/* End PBXTargetDependency section */

/* Begin PBXVariantGroup section */
		8F763CA32BB6EA7B00B48DB4 /* LaunchScreen.storyboard */ = {
			isa = PBXVariantGroup;
			children = (
				8F763CA42BB6EA7B00B48DB4 /* Base */,
			);
			name = LaunchScreen.storyboard;
			sourceTree = "<group>";
		};
/* End PBXVariantGroup section */

/* Begin XCBuildConfiguration section */
		8F763CBD2BB6EA7C00B48DB4 /* Debug */ = {
			isa = XCBuildConfiguration;
			baseConfigurationReference = 8F763D3A2BB6EEEC00B48DB4 /* Config.xcconfig */;
			buildSettings = {
				ALWAYS_SEARCH_USER_PATHS = NO;
				ASSETCATALOG_COMPILER_GENERATE_SWIFT_ASSET_SYMBOL_EXTENSIONS = YES;
				CLANG_ANALYZER_NONNULL = YES;
				CLANG_ANALYZER_NUMBER_OBJECT_CONVERSION = YES_AGGRESSIVE;
				CLANG_CXX_LANGUAGE_STANDARD = "gnu++20";
				CLANG_ENABLE_MODULES = YES;
				CLANG_ENABLE_OBJC_ARC = YES;
				CLANG_ENABLE_OBJC_WEAK = YES;
				CLANG_WARN_BLOCK_CAPTURE_AUTORELEASING = YES;
				CLANG_WARN_BOOL_CONVERSION = YES;
				CLANG_WARN_COMMA = YES;
				CLANG_WARN_CONSTANT_CONVERSION = YES;
				CLANG_WARN_DEPRECATED_OBJC_IMPLEMENTATIONS = YES;
				CLANG_WARN_DIRECT_OBJC_ISA_USAGE = YES_ERROR;
				CLANG_WARN_DOCUMENTATION_COMMENTS = YES;
				CLANG_WARN_EMPTY_BODY = YES;
				CLANG_WARN_ENUM_CONVERSION = YES;
				CLANG_WARN_INFINITE_RECURSION = YES;
				CLANG_WARN_INT_CONVERSION = YES;
				CLANG_WARN_NON_LITERAL_NULL_CONVERSION = YES;
				CLANG_WARN_OBJC_IMPLICIT_RETAIN_SELF = YES;
				CLANG_WARN_OBJC_LITERAL_CONVERSION = YES;
				CLANG_WARN_OBJC_ROOT_CLASS = YES_ERROR;
				CLANG_WARN_QUOTED_INCLUDE_IN_FRAMEWORK_HEADER = YES;
				CLANG_WARN_RANGE_LOOP_ANALYSIS = YES;
				CLANG_WARN_STRICT_PROTOTYPES = YES;
				CLANG_WARN_SUSPICIOUS_MOVE = YES;
				CLANG_WARN_UNGUARDED_AVAILABILITY = YES_AGGRESSIVE;
				CLANG_WARN_UNREACHABLE_CODE = YES;
				CLANG_WARN__DUPLICATE_METHOD_MATCH = YES;
				COPY_PHASE_STRIP = NO;
				DEBUG_INFORMATION_FORMAT = dwarf;
				ENABLE_STRICT_OBJC_MSGSEND = YES;
				ENABLE_TESTABILITY = YES;
				ENABLE_USER_SCRIPT_SANDBOXING = YES;
				GCC_C_LANGUAGE_STANDARD = gnu17;
				GCC_DYNAMIC_NO_PIC = NO;
				GCC_NO_COMMON_BLOCKS = YES;
				GCC_OPTIMIZATION_LEVEL = 0;
				GCC_PREPROCESSOR_DEFINITIONS = (
					"DEBUG=1",
					"$(inherited)",
				);
				GCC_WARN_64_TO_32_BIT_CONVERSION = YES;
				GCC_WARN_ABOUT_RETURN_TYPE = YES_ERROR;
				GCC_WARN_UNDECLARED_SELECTOR = YES;
				GCC_WARN_UNINITIALIZED_AUTOS = YES_AGGRESSIVE;
				GCC_WARN_UNUSED_FUNCTION = YES;
				GCC_WARN_UNUSED_VARIABLE = YES;
				LOCALIZATION_PREFERS_STRING_CATALOGS = YES;
				MTL_ENABLE_DEBUG_INFO = INCLUDE_SOURCE;
				MTL_FAST_MATH = YES;
				ONLY_ACTIVE_ARCH = YES;
				SDKROOT = iphoneos;
				SWIFT_ACTIVE_COMPILATION_CONDITIONS = "DEBUG $(inherited)";
				SWIFT_OPTIMIZATION_LEVEL = "-Onone";
			};
			name = Debug;
		};
		8F763CBE2BB6EA7C00B48DB4 /* Release */ = {
			isa = XCBuildConfiguration;
			baseConfigurationReference = 8F763D3A2BB6EEEC00B48DB4 /* Config.xcconfig */;
			buildSettings = {
				ALWAYS_SEARCH_USER_PATHS = NO;
				ASSETCATALOG_COMPILER_GENERATE_SWIFT_ASSET_SYMBOL_EXTENSIONS = YES;
				CLANG_ANALYZER_NONNULL = YES;
				CLANG_ANALYZER_NUMBER_OBJECT_CONVERSION = YES_AGGRESSIVE;
				CLANG_CXX_LANGUAGE_STANDARD = "gnu++20";
				CLANG_ENABLE_MODULES = YES;
				CLANG_ENABLE_OBJC_ARC = YES;
				CLANG_ENABLE_OBJC_WEAK = YES;
				CLANG_WARN_BLOCK_CAPTURE_AUTORELEASING = YES;
				CLANG_WARN_BOOL_CONVERSION = YES;
				CLANG_WARN_COMMA = YES;
				CLANG_WARN_CONSTANT_CONVERSION = YES;
				CLANG_WARN_DEPRECATED_OBJC_IMPLEMENTATIONS = YES;
				CLANG_WARN_DIRECT_OBJC_ISA_USAGE = YES_ERROR;
				CLANG_WARN_DOCUMENTATION_COMMENTS = YES;
				CLANG_WARN_EMPTY_BODY = YES;
				CLANG_WARN_ENUM_CONVERSION = YES;
				CLANG_WARN_INFINITE_RECURSION = YES;
				CLANG_WARN_INT_CONVERSION = YES;
				CLANG_WARN_NON_LITERAL_NULL_CONVERSION = YES;
				CLANG_WARN_OBJC_IMPLICIT_RETAIN_SELF = YES;
				CLANG_WARN_OBJC_LITERAL_CONVERSION = YES;
				CLANG_WARN_OBJC_ROOT_CLASS = YES_ERROR;
				CLANG_WARN_QUOTED_INCLUDE_IN_FRAMEWORK_HEADER = YES;
				CLANG_WARN_RANGE_LOOP_ANALYSIS = YES;
				CLANG_WARN_STRICT_PROTOTYPES = YES;
				CLANG_WARN_SUSPICIOUS_MOVE = YES;
				CLANG_WARN_UNGUARDED_AVAILABILITY = YES_AGGRESSIVE;
				CLANG_WARN_UNREACHABLE_CODE = YES;
				CLANG_WARN__DUPLICATE_METHOD_MATCH = YES;
				COPY_PHASE_STRIP = NO;
				DEBUG_INFORMATION_FORMAT = "dwarf-with-dsym";
				ENABLE_NS_ASSERTIONS = NO;
				ENABLE_STRICT_OBJC_MSGSEND = YES;
				ENABLE_USER_SCRIPT_SANDBOXING = YES;
				GCC_C_LANGUAGE_STANDARD = gnu17;
				GCC_NO_COMMON_BLOCKS = YES;
				GCC_WARN_64_TO_32_BIT_CONVERSION = YES;
				GCC_WARN_ABOUT_RETURN_TYPE = YES_ERROR;
				GCC_WARN_UNDECLARED_SELECTOR = YES;
				GCC_WARN_UNINITIALIZED_AUTOS = YES_AGGRESSIVE;
				GCC_WARN_UNUSED_FUNCTION = YES;
				GCC_WARN_UNUSED_VARIABLE = YES;
				LOCALIZATION_PREFERS_STRING_CATALOGS = YES;
				MTL_ENABLE_DEBUG_INFO = NO;
				MTL_FAST_MATH = YES;
				SDKROOT = iphoneos;
				SWIFT_COMPILATION_MODE = wholemodule;
				VALIDATE_PRODUCT = YES;
			};
			name = Release;
		};
		8F763CC02BB6EA7C00B48DB4 /* Debug */ = {
			isa = XCBuildConfiguration;
			buildSettings = {
				ASSETCATALOG_COMPILER_APPICON_NAME = AppIcon;
				ASSETCATALOG_COMPILER_GLOBAL_ACCENT_COLOR_NAME = AccentColor;
				CODE_SIGN_STYLE = Automatic;
				CURRENT_PROJECT_VERSION = 1;
				GENERATE_INFOPLIST_FILE = YES;
				INFOPLIST_FILE = App/Info.plist;
				INFOPLIST_KEY_UIApplicationSupportsIndirectInputEvents = YES;
				INFOPLIST_KEY_UILaunchStoryboardName = LaunchScreen;
				INFOPLIST_KEY_UISupportedInterfaceOrientations_iPad = "UIInterfaceOrientationPortrait UIInterfaceOrientationPortraitUpsideDown UIInterfaceOrientationLandscapeLeft UIInterfaceOrientationLandscapeRight";
				INFOPLIST_KEY_UISupportedInterfaceOrientations_iPhone = "UIInterfaceOrientationPortrait UIInterfaceOrientationLandscapeLeft UIInterfaceOrientationLandscapeRight";
				LD_RUNPATH_SEARCH_PATHS = (
					"$(inherited)",
					"@executable_path/Frameworks",
				);
				PRODUCT_BUNDLE_IDENTIFIER = "$(inherited).app";
				PRODUCT_NAME = "$(TARGET_NAME)";
				SWIFT_EMIT_LOC_STRINGS = YES;
				TARGETED_DEVICE_FAMILY = "1,2";
			};
			name = Debug;
		};
		8F763CC12BB6EA7C00B48DB4 /* Release */ = {
			isa = XCBuildConfiguration;
			buildSettings = {
				ASSETCATALOG_COMPILER_APPICON_NAME = AppIcon;
				ASSETCATALOG_COMPILER_GLOBAL_ACCENT_COLOR_NAME = AccentColor;
				CODE_SIGN_STYLE = Automatic;
				CURRENT_PROJECT_VERSION = 1;
				GENERATE_INFOPLIST_FILE = YES;
				INFOPLIST_FILE = App/Info.plist;
				INFOPLIST_KEY_UIApplicationSupportsIndirectInputEvents = YES;
				INFOPLIST_KEY_UILaunchStoryboardName = LaunchScreen;
				INFOPLIST_KEY_UISupportedInterfaceOrientations_iPad = "UIInterfaceOrientationPortrait UIInterfaceOrientationPortraitUpsideDown UIInterfaceOrientationLandscapeLeft UIInterfaceOrientationLandscapeRight";
				INFOPLIST_KEY_UISupportedInterfaceOrientations_iPhone = "UIInterfaceOrientationPortrait UIInterfaceOrientationLandscapeLeft UIInterfaceOrientationLandscapeRight";
				LD_RUNPATH_SEARCH_PATHS = (
					"$(inherited)",
					"@executable_path/Frameworks",
				);
				PRODUCT_BUNDLE_IDENTIFIER = "$(inherited).app";
				PRODUCT_NAME = "$(TARGET_NAME)";
				SWIFT_EMIT_LOC_STRINGS = YES;
				TARGETED_DEVICE_FAMILY = "1,2";
			};
			name = Release;
		};
		8F763CC32BB6EA7C00B48DB4 /* Debug */ = {
			isa = XCBuildConfiguration;
			buildSettings = {
				ALWAYS_EMBED_SWIFT_STANDARD_LIBRARIES = YES;
				BUNDLE_LOADER = "$(TEST_HOST)";
				CODE_SIGN_STYLE = Automatic;
				CURRENT_PROJECT_VERSION = 1;
				GENERATE_INFOPLIST_FILE = YES;
				PRODUCT_BUNDLE_IDENTIFIER = "$(inherited).appTests";
				PRODUCT_NAME = "$(TARGET_NAME)";
				SWIFT_EMIT_LOC_STRINGS = NO;
				TARGETED_DEVICE_FAMILY = "1,2";
				TEST_HOST = "$(BUILT_PRODUCTS_DIR)/App.app/$(BUNDLE_EXECUTABLE_FOLDER_PATH)/App";
			};
			name = Debug;
		};
		8F763CC42BB6EA7C00B48DB4 /* Release */ = {
			isa = XCBuildConfiguration;
			buildSettings = {
				ALWAYS_EMBED_SWIFT_STANDARD_LIBRARIES = YES;
				BUNDLE_LOADER = "$(TEST_HOST)";
				CODE_SIGN_STYLE = Automatic;
				CURRENT_PROJECT_VERSION = 1;
				GENERATE_INFOPLIST_FILE = YES;
				PRODUCT_BUNDLE_IDENTIFIER = "$(inherited).appTests";
				PRODUCT_NAME = "$(TARGET_NAME)";
				SWIFT_EMIT_LOC_STRINGS = NO;
				TARGETED_DEVICE_FAMILY = "1,2";
				TEST_HOST = "$(BUILT_PRODUCTS_DIR)/App.app/$(BUNDLE_EXECUTABLE_FOLDER_PATH)/App";
			};
			name = Release;
		};
		8F763CC62BB6EA7C00B48DB4 /* Debug */ = {
			isa = XCBuildConfiguration;
			buildSettings = {
				ALWAYS_EMBED_SWIFT_STANDARD_LIBRARIES = YES;
				CODE_SIGN_STYLE = Automatic;
				CURRENT_PROJECT_VERSION = 1;
				GENERATE_INFOPLIST_FILE = YES;
				PRODUCT_BUNDLE_IDENTIFIER = "$(inherited).appUITests";
				PRODUCT_NAME = "$(TARGET_NAME)";
				SWIFT_EMIT_LOC_STRINGS = NO;
				TARGETED_DEVICE_FAMILY = "1,2";
				TEST_TARGET_NAME = App;
			};
			name = Debug;
		};
		8F763CC72BB6EA7C00B48DB4 /* Release */ = {
			isa = XCBuildConfiguration;
			buildSettings = {
				ALWAYS_EMBED_SWIFT_STANDARD_LIBRARIES = YES;
				CODE_SIGN_STYLE = Automatic;
				CURRENT_PROJECT_VERSION = 1;
				GENERATE_INFOPLIST_FILE = YES;
				PRODUCT_BUNDLE_IDENTIFIER = "$(inherited).appUITests";
				PRODUCT_NAME = "$(TARGET_NAME)";
				SWIFT_EMIT_LOC_STRINGS = NO;
				TARGETED_DEVICE_FAMILY = "1,2";
				TEST_TARGET_NAME = App;
			};
			name = Release;
		};
/* End XCBuildConfiguration section */

/* Begin XCConfigurationList section */
		8F763C902BB6EA7A00B48DB4 /* Build configuration list for PBXProject "App" */ = {
			isa = XCConfigurationList;
			buildConfigurations = (
				8F763CBD2BB6EA7C00B48DB4 /* Debug */,
				8F763CBE2BB6EA7C00B48DB4 /* Release */,
			);
			defaultConfigurationIsVisible = 0;
			defaultConfigurationName = Release;
		};
		8F763CBF2BB6EA7C00B48DB4 /* Build configuration list for PBXNativeTarget "App" */ = {
			isa = XCConfigurationList;
			buildConfigurations = (
				8F763CC02BB6EA7C00B48DB4 /* Debug */,
				8F763CC12BB6EA7C00B48DB4 /* Release */,
			);
			defaultConfigurationIsVisible = 0;
			defaultConfigurationName = Release;
		};
		8F763CC22BB6EA7C00B48DB4 /* Build configuration list for PBXNativeTarget "AppTests" */ = {
			isa = XCConfigurationList;
			buildConfigurations = (
				8F763CC32BB6EA7C00B48DB4 /* Debug */,
				8F763CC42BB6EA7C00B48DB4 /* Release */,
			);
			defaultConfigurationIsVisible = 0;
			defaultConfigurationName = Release;
		};
		8F763CC52BB6EA7C00B48DB4 /* Build configuration list for PBXNativeTarget "AppUITests" */ = {
			isa = XCConfigurationList;
			buildConfigurations = (
				8F763CC62BB6EA7C00B48DB4 /* Debug */,
				8F763CC72BB6EA7C00B48DB4 /* Release */,
			);
			defaultConfigurationIsVisible = 0;
			defaultConfigurationName = Release;
		};
/* End XCConfigurationList section */
	};
	rootObject = 8F763C8D2BB6EA7A00B48DB4 /* Project object */;
}
