// !$*UTF8*$!
{
	archiveVersion = 1;
	classes = {
	};
	objectVersion = 56;
	objects = {

/* Begin PBXBuildFile section */
		8F0B18482BBF3BE200910CAD /* Container in Frameworks */ = {isa = PBXBuildFile; productRef = 8F0B18472BBF3BE200910CAD /* Container */; };
		8F0B184C2BBF3BF700910CAD /* Data.framework in Frameworks */ = {isa = PBXBuildFile; fileRef = 8F0B184A2BBF3BF700910CAD /* Data.framework */; };
		8F0B184D2BBF3BF700910CAD /* Data.framework in Embed Frameworks */ = {isa = PBXBuildFile; fileRef = 8F0B184A2BBF3BF700910CAD /* Data.framework */; settings = {ATTRIBUTES = (CodeSignOnCopy, RemoveHeadersOnCopy, ); }; };
		8F0B184E2BBF3BF700910CAD /* Domain.framework in Frameworks */ = {isa = PBXBuildFile; fileRef = 8F0B184B2BBF3BF700910CAD /* Domain.framework */; };
		8F0B184F2BBF3BF700910CAD /* Domain.framework in Embed Frameworks */ = {isa = PBXBuildFile; fileRef = 8F0B184B2BBF3BF700910CAD /* Domain.framework */; settings = {ATTRIBUTES = (CodeSignOnCopy, RemoveHeadersOnCopy, ); }; };
		8F2004E42BC3FFA00085A134 /* UsersView.swift in Sources */ = {isa = PBXBuildFile; fileRef = 8F2004E32BC3FFA00085A134 /* UsersView.swift */; };
		8F5C76D62BC5379500B07ABF /* CellProvider.swift in Sources */ = {isa = PBXBuildFile; fileRef = 8F5C76D52BC5379500B07ABF /* CellProvider.swift */; };
		8F5C76D82BC5383800B07ABF /* UsersCellProvider.swift in Sources */ = {isa = PBXBuildFile; fileRef = 8F5C76D72BC5383800B07ABF /* UsersCellProvider.swift */; };
		8F5C76DA2BC5386700B07ABF /* UserCell.swift in Sources */ = {isa = PBXBuildFile; fileRef = 8F5C76D92BC5386700B07ABF /* UserCell.swift */; };
		8F5C76DC2BC53A0B00B07ABF /* Reusable.swift in Sources */ = {isa = PBXBuildFile; fileRef = 8F5C76DB2BC53A0B00B07ABF /* Reusable.swift */; };
		8F5C76E52BC5406F00B07ABF /* View.swift in Sources */ = {isa = PBXBuildFile; fileRef = 8F5C76E42BC5406F00B07ABF /* View.swift */; };
		8F5C76E82BC5412A00B07ABF /* UIViewExtensions.swift in Sources */ = {isa = PBXBuildFile; fileRef = 8F5C76E72BC5412A00B07ABF /* UIViewExtensions.swift */; };
		8F5C76EC2BC5450600B07ABF /* TableViewCell.swift in Sources */ = {isa = PBXBuildFile; fileRef = 8F5C76EB2BC5450600B07ABF /* TableViewCell.swift */; };
		8F5C76F32BC6903A00B07ABF /* NSLayoutConstraintExtensions.swift in Sources */ = {isa = PBXBuildFile; fileRef = 8F5C76F22BC6903A00B07ABF /* NSLayoutConstraintExtensions.swift */; };
		8F5C76F52BC695CA00B07ABF /* UIImageViewExtensions.swift in Sources */ = {isa = PBXBuildFile; fileRef = 8F5C76F42BC695CA00B07ABF /* UIImageViewExtensions.swift */; };
		8F763C992BB6EA7B00B48DB4 /* AppDelegate.swift in Sources */ = {isa = PBXBuildFile; fileRef = 8F763C982BB6EA7B00B48DB4 /* AppDelegate.swift */; };
		8F763C9B2BB6EA7B00B48DB4 /* SceneDelegate.swift in Sources */ = {isa = PBXBuildFile; fileRef = 8F763C9A2BB6EA7B00B48DB4 /* SceneDelegate.swift */; };
		8F763CA22BB6EA7B00B48DB4 /* Assets.xcassets in Resources */ = {isa = PBXBuildFile; fileRef = 8F763CA12BB6EA7B00B48DB4 /* Assets.xcassets */; };
		8F763CA52BB6EA7B00B48DB4 /* Base in Resources */ = {isa = PBXBuildFile; fileRef = 8F763CA42BB6EA7B00B48DB4 /* Base */; };
		8F763CB02BB6EA7C00B48DB4 /* AppTests.swift in Sources */ = {isa = PBXBuildFile; fileRef = 8F763CAF2BB6EA7C00B48DB4 /* AppTests.swift */; };
		8F763CBA2BB6EA7C00B48DB4 /* AppUITests.swift in Sources */ = {isa = PBXBuildFile; fileRef = 8F763CB92BB6EA7C00B48DB4 /* AppUITests.swift */; };
		8F763CBC2BB6EA7C00B48DB4 /* AppUITestsLaunchTests.swift in Sources */ = {isa = PBXBuildFile; fileRef = 8F763CBB2BB6EA7C00B48DB4 /* AppUITestsLaunchTests.swift */; };
		8F763D3B2BB6EEEC00B48DB4 /* Config.xcconfig in Resources */ = {isa = PBXBuildFile; fileRef = 8F763D3A2BB6EEEC00B48DB4 /* Config.xcconfig */; };
		8F8602002BCD47DB00EBA08C /* Resources.framework in Frameworks */ = {isa = PBXBuildFile; fileRef = 8F8601FF2BCD47DB00EBA08C /* Resources.framework */; };
		8F8602012BCD47DB00EBA08C /* Resources.framework in Embed Frameworks */ = {isa = PBXBuildFile; fileRef = 8F8601FF2BCD47DB00EBA08C /* Resources.framework */; settings = {ATTRIBUTES = (CodeSignOnCopy, RemoveHeadersOnCopy, ); }; };
		8F897B8C2BC3F36C001903E5 /* AppCoordinator.swift in Sources */ = {isa = PBXBuildFile; fileRef = 8F897B8B2BC3F36C001903E5 /* AppCoordinator.swift */; };
		8F897B902BC3F8AF001903E5 /* UsersCoordinator.swift in Sources */ = {isa = PBXBuildFile; fileRef = 8F897B8F2BC3F8AF001903E5 /* UsersCoordinator.swift */; };
		8F897B922BC3F8C2001903E5 /* ReposCoordinator.swift in Sources */ = {isa = PBXBuildFile; fileRef = 8F897B912BC3F8C2001903E5 /* ReposCoordinator.swift */; };
		8F897B942BC3F8DE001903E5 /* ReposViewController.swift in Sources */ = {isa = PBXBuildFile; fileRef = 8F897B932BC3F8DE001903E5 /* ReposViewController.swift */; };
		8F897B962BC3F900001903E5 /* UsersViewController.swift in Sources */ = {isa = PBXBuildFile; fileRef = 8F897B952BC3F900001903E5 /* UsersViewController.swift */; };
		8F897BA22BC3FEEC001903E5 /* ViewController.swift in Sources */ = {isa = PBXBuildFile; fileRef = 8F897BA12BC3FEEC001903E5 /* ViewController.swift */; };
		8FA752922BCD50CD00A15083 /* RepoCell.swift in Sources */ = {isa = PBXBuildFile; fileRef = 8FA752912BCD50CD00A15083 /* RepoCell.swift */; };
		8FA752942BCD510C00A15083 /* RepoCellProvider.swift in Sources */ = {isa = PBXBuildFile; fileRef = 8FA752932BCD510C00A15083 /* RepoCellProvider.swift */; };
		8FD4F19C2BC69EF7009A5BC1 /* UIBarButtonItem+Combine.swift in Sources */ = {isa = PBXBuildFile; fileRef = 8FD4F19B2BC69EF7009A5BC1 /* UIBarButtonItem+Combine.swift */; };
		8FD4F19F2BC6A331009A5BC1 /* AddUserCell.swift in Sources */ = {isa = PBXBuildFile; fileRef = 8FD4F19E2BC6A331009A5BC1 /* AddUserCell.swift */; };
		8FD4F1A32BC6AEA8009A5BC1 /* UsersDataSource.swift in Sources */ = {isa = PBXBuildFile; fileRef = 8FD4F1A22BC6AEA8009A5BC1 /* UsersDataSource.swift */; };
		8FD4F1A52BC6B28F009A5BC1 /* UIControl+Combine.swift in Sources */ = {isa = PBXBuildFile; fileRef = 8FD4F1A42BC6B28F009A5BC1 /* UIControl+Combine.swift */; };
		8FD4F1B22BC6CD85009A5BC1 /* Nuke in Frameworks */ = {isa = PBXBuildFile; productRef = 8FD4F1B12BC6CD85009A5BC1 /* Nuke */; };
		8FD4F1B42BC6CD85009A5BC1 /* NukeExtensions in Frameworks */ = {isa = PBXBuildFile; productRef = 8FD4F1B32BC6CD85009A5BC1 /* NukeExtensions */; };
		8FD4F1B62BC6D255009A5BC1 /* HTTP.framework in Frameworks */ = {isa = PBXBuildFile; fileRef = 8FD4F1B52BC6D255009A5BC1 /* HTTP.framework */; };
		8FD4F1B72BC6D255009A5BC1 /* HTTP.framework in Embed Frameworks */ = {isa = PBXBuildFile; fileRef = 8FD4F1B52BC6D255009A5BC1 /* HTTP.framework */; settings = {ATTRIBUTES = (CodeSignOnCopy, RemoveHeadersOnCopy, ); }; };
/* End PBXBuildFile section */

/* Begin PBXContainerItemProxy section */
		8F763CAC2BB6EA7C00B48DB4 /* PBXContainerItemProxy */ = {
			isa = PBXContainerItemProxy;
			containerPortal = 8F763C8D2BB6EA7A00B48DB4 /* Project object */;
			proxyType = 1;
			remoteGlobalIDString = 8F763C942BB6EA7A00B48DB4;
			remoteInfo = App;
		};
		8F763CB62BB6EA7C00B48DB4 /* PBXContainerItemProxy */ = {
			isa = PBXContainerItemProxy;
			containerPortal = 8F763C8D2BB6EA7A00B48DB4 /* Project object */;
			proxyType = 1;
			remoteGlobalIDString = 8F763C942BB6EA7A00B48DB4;
			remoteInfo = App;
		};
/* End PBXContainerItemProxy section */

/* Begin PBXCopyFilesBuildPhase section */
		8F0B18502BBF3BF700910CAD /* Embed Frameworks */ = {
			isa = PBXCopyFilesBuildPhase;
			buildActionMask = 2147483647;
			dstPath = "";
			dstSubfolderSpec = 10;
			files = (
				8FD4F1B72BC6D255009A5BC1 /* HTTP.framework in Embed Frameworks */,
				8F0B184F2BBF3BF700910CAD /* Domain.framework in Embed Frameworks */,
				8F8602012BCD47DB00EBA08C /* Resources.framework in Embed Frameworks */,
				8F0B184D2BBF3BF700910CAD /* Data.framework in Embed Frameworks */,
			);
			name = "Embed Frameworks";
			runOnlyForDeploymentPostprocessing = 0;
		};
/* End PBXCopyFilesBuildPhase section */

/* Begin PBXFileReference section */
		8F0B184A2BBF3BF700910CAD /* Data.framework */ = {isa = PBXFileReference; explicitFileType = wrapper.framework; path = Data.framework; sourceTree = BUILT_PRODUCTS_DIR; };
		8F0B184B2BBF3BF700910CAD /* Domain.framework */ = {isa = PBXFileReference; explicitFileType = wrapper.framework; path = Domain.framework; sourceTree = BUILT_PRODUCTS_DIR; };
		8F2004E32BC3FFA00085A134 /* UsersView.swift */ = {isa = PBXFileReference; lastKnownFileType = sourcecode.swift; path = UsersView.swift; sourceTree = "<group>"; };
		8F5C76D52BC5379500B07ABF /* CellProvider.swift */ = {isa = PBXFileReference; lastKnownFileType = sourcecode.swift; path = CellProvider.swift; sourceTree = "<group>"; };
		8F5C76D72BC5383800B07ABF /* UsersCellProvider.swift */ = {isa = PBXFileReference; lastKnownFileType = sourcecode.swift; path = UsersCellProvider.swift; sourceTree = "<group>"; };
		8F5C76D92BC5386700B07ABF /* UserCell.swift */ = {isa = PBXFileReference; lastKnownFileType = sourcecode.swift; path = UserCell.swift; sourceTree = "<group>"; };
		8F5C76DB2BC53A0B00B07ABF /* Reusable.swift */ = {isa = PBXFileReference; lastKnownFileType = sourcecode.swift; path = Reusable.swift; sourceTree = "<group>"; };
		8F5C76E42BC5406F00B07ABF /* View.swift */ = {isa = PBXFileReference; lastKnownFileType = sourcecode.swift; path = View.swift; sourceTree = "<group>"; };
		8F5C76E72BC5412A00B07ABF /* UIViewExtensions.swift */ = {isa = PBXFileReference; lastKnownFileType = sourcecode.swift; path = UIViewExtensions.swift; sourceTree = "<group>"; };
		8F5C76EB2BC5450600B07ABF /* TableViewCell.swift */ = {isa = PBXFileReference; lastKnownFileType = sourcecode.swift; path = TableViewCell.swift; sourceTree = "<group>"; };
		8F5C76F22BC6903A00B07ABF /* NSLayoutConstraintExtensions.swift */ = {isa = PBXFileReference; lastKnownFileType = sourcecode.swift; path = NSLayoutConstraintExtensions.swift; sourceTree = "<group>"; };
		8F5C76F42BC695CA00B07ABF /* UIImageViewExtensions.swift */ = {isa = PBXFileReference; lastKnownFileType = sourcecode.swift; path = UIImageViewExtensions.swift; sourceTree = "<group>"; };
		8F763C952BB6EA7B00B48DB4 /* App.app */ = {isa = PBXFileReference; explicitFileType = wrapper.application; includeInIndex = 0; path = App.app; sourceTree = BUILT_PRODUCTS_DIR; };
		8F763C982BB6EA7B00B48DB4 /* AppDelegate.swift */ = {isa = PBXFileReference; lastKnownFileType = sourcecode.swift; path = AppDelegate.swift; sourceTree = "<group>"; };
		8F763C9A2BB6EA7B00B48DB4 /* SceneDelegate.swift */ = {isa = PBXFileReference; lastKnownFileType = sourcecode.swift; path = SceneDelegate.swift; sourceTree = "<group>"; };
		8F763CA12BB6EA7B00B48DB4 /* Assets.xcassets */ = {isa = PBXFileReference; lastKnownFileType = folder.assetcatalog; path = Assets.xcassets; sourceTree = "<group>"; };
		8F763CA42BB6EA7B00B48DB4 /* Base */ = {isa = PBXFileReference; lastKnownFileType = file.storyboard; name = Base; path = Base.lproj/LaunchScreen.storyboard; sourceTree = "<group>"; };
		8F763CA62BB6EA7B00B48DB4 /* Info.plist */ = {isa = PBXFileReference; lastKnownFileType = text.plist.xml; path = Info.plist; sourceTree = "<group>"; };
		8F763CAB2BB6EA7C00B48DB4 /* AppTests.xctest */ = {isa = PBXFileReference; explicitFileType = wrapper.cfbundle; includeInIndex = 0; path = AppTests.xctest; sourceTree = BUILT_PRODUCTS_DIR; };
		8F763CAF2BB6EA7C00B48DB4 /* AppTests.swift */ = {isa = PBXFileReference; lastKnownFileType = sourcecode.swift; path = AppTests.swift; sourceTree = "<group>"; };
		8F763CB52BB6EA7C00B48DB4 /* AppUITests.xctest */ = {isa = PBXFileReference; explicitFileType = wrapper.cfbundle; includeInIndex = 0; path = AppUITests.xctest; sourceTree = BUILT_PRODUCTS_DIR; };
		8F763CB92BB6EA7C00B48DB4 /* AppUITests.swift */ = {isa = PBXFileReference; lastKnownFileType = sourcecode.swift; path = AppUITests.swift; sourceTree = "<group>"; };
		8F763CBB2BB6EA7C00B48DB4 /* AppUITestsLaunchTests.swift */ = {isa = PBXFileReference; lastKnownFileType = sourcecode.swift; path = AppUITestsLaunchTests.swift; sourceTree = "<group>"; };
		8F763D3A2BB6EEEC00B48DB4 /* Config.xcconfig */ = {isa = PBXFileReference; fileEncoding = 4; lastKnownFileType = text.xcconfig; name = Config.xcconfig; path = ../Config.xcconfig; sourceTree = "<group>"; };
		8F8601FF2BCD47DB00EBA08C /* Resources.framework */ = {isa = PBXFileReference; explicitFileType = wrapper.framework; path = Resources.framework; sourceTree = BUILT_PRODUCTS_DIR; };
		8F897B8B2BC3F36C001903E5 /* AppCoordinator.swift */ = {isa = PBXFileReference; lastKnownFileType = sourcecode.swift; path = AppCoordinator.swift; sourceTree = "<group>"; };
		8F897B8F2BC3F8AF001903E5 /* UsersCoordinator.swift */ = {isa = PBXFileReference; lastKnownFileType = sourcecode.swift; path = UsersCoordinator.swift; sourceTree = "<group>"; };
		8F897B912BC3F8C2001903E5 /* ReposCoordinator.swift */ = {isa = PBXFileReference; lastKnownFileType = sourcecode.swift; path = ReposCoordinator.swift; sourceTree = "<group>"; };
		8F897B932BC3F8DE001903E5 /* ReposViewController.swift */ = {isa = PBXFileReference; lastKnownFileType = sourcecode.swift; path = ReposViewController.swift; sourceTree = "<group>"; };
		8F897B952BC3F900001903E5 /* UsersViewController.swift */ = {isa = PBXFileReference; lastKnownFileType = sourcecode.swift; path = UsersViewController.swift; sourceTree = "<group>"; };
		8F897BA12BC3FEEC001903E5 /* ViewController.swift */ = {isa = PBXFileReference; lastKnownFileType = sourcecode.swift; path = ViewController.swift; sourceTree = "<group>"; };
		8FA752912BCD50CD00A15083 /* RepoCell.swift */ = {isa = PBXFileReference; lastKnownFileType = sourcecode.swift; path = RepoCell.swift; sourceTree = "<group>"; };
		8FA752932BCD510C00A15083 /* RepoCellProvider.swift */ = {isa = PBXFileReference; lastKnownFileType = sourcecode.swift; path = RepoCellProvider.swift; sourceTree = "<group>"; };
		8FD4F19B2BC69EF7009A5BC1 /* UIBarButtonItem+Combine.swift */ = {isa = PBXFileReference; lastKnownFileType = sourcecode.swift; path = "UIBarButtonItem+Combine.swift"; sourceTree = "<group>"; };
		8FD4F19E2BC6A331009A5BC1 /* AddUserCell.swift */ = {isa = PBXFileReference; lastKnownFileType = sourcecode.swift; path = AddUserCell.swift; sourceTree = "<group>"; };
		8FD4F1A22BC6AEA8009A5BC1 /* UsersDataSource.swift */ = {isa = PBXFileReference; lastKnownFileType = sourcecode.swift; path = UsersDataSource.swift; sourceTree = "<group>"; };
		8FD4F1A42BC6B28F009A5BC1 /* UIControl+Combine.swift */ = {isa = PBXFileReference; lastKnownFileType = sourcecode.swift; path = "UIControl+Combine.swift"; sourceTree = "<group>"; };
		8FD4F1B52BC6D255009A5BC1 /* HTTP.framework */ = {isa = PBXFileReference; explicitFileType = wrapper.framework; path = HTTP.framework; sourceTree = BUILT_PRODUCTS_DIR; };
/* End PBXFileReference section */

/* Begin PBXFrameworksBuildPhase section */
		8F763C922BB6EA7A00B48DB4 /* Frameworks */ = {
			isa = PBXFrameworksBuildPhase;
			buildActionMask = 2147483647;
			files = (
				8FD4F1B62BC6D255009A5BC1 /* HTTP.framework in Frameworks */,
				8F0B184E2BBF3BF700910CAD /* Domain.framework in Frameworks */,
				8F8602002BCD47DB00EBA08C /* Resources.framework in Frameworks */,
				8F0B184C2BBF3BF700910CAD /* Data.framework in Frameworks */,
				8F0B18482BBF3BE200910CAD /* Container in Frameworks */,
				8FD4F1B22BC6CD85009A5BC1 /* Nuke in Frameworks */,
				8FD4F1B42BC6CD85009A5BC1 /* NukeExtensions in Frameworks */,
			);
			runOnlyForDeploymentPostprocessing = 0;
		};
		8F763CA82BB6EA7C00B48DB4 /* Frameworks */ = {
			isa = PBXFrameworksBuildPhase;
			buildActionMask = 2147483647;
			files = (
			);
			runOnlyForDeploymentPostprocessing = 0;
		};
		8F763CB22BB6EA7C00B48DB4 /* Frameworks */ = {
			isa = PBXFrameworksBuildPhase;
			buildActionMask = 2147483647;
			files = (
			);
			runOnlyForDeploymentPostprocessing = 0;
		};
/* End PBXFrameworksBuildPhase section */

/* Begin PBXGroup section */
		8F0B18492BBF3BF700910CAD /* Frameworks */ = {
			isa = PBXGroup;
			children = (
				8F8601FF2BCD47DB00EBA08C /* Resources.framework */,
				8FD4F1B52BC6D255009A5BC1 /* HTTP.framework */,
				8F0B184A2BBF3BF700910CAD /* Data.framework */,
				8F0B184B2BBF3BF700910CAD /* Domain.framework */,
			);
			name = Frameworks;
			sourceTree = "<group>";
		};
		8F5C76D42BC5378E00B07ABF /* Utils */ = {
			isa = PBXGroup;
			children = (
				8F5C76D52BC5379500B07ABF /* CellProvider.swift */,
				8F5C76DB2BC53A0B00B07ABF /* Reusable.swift */,
			);
			path = Utils;
			sourceTree = "<group>";
		};
		8F5C76E62BC5411F00B07ABF /* Extensions */ = {
			isa = PBXGroup;
			children = (
				8F5C76F22BC6903A00B07ABF /* NSLayoutConstraintExtensions.swift */,
				8FD4F19B2BC69EF7009A5BC1 /* UIBarButtonItem+Combine.swift */,
				8FD4F1A42BC6B28F009A5BC1 /* UIControl+Combine.swift */,
				8F5C76F42BC695CA00B07ABF /* UIImageViewExtensions.swift */,
				8F5C76E72BC5412A00B07ABF /* UIViewExtensions.swift */,
			);
			path = Extensions;
			sourceTree = "<group>";
		};
		8F763C8C2BB6EA7A00B48DB4 = {
			isa = PBXGroup;
			children = (
				8F763D3A2BB6EEEC00B48DB4 /* Config.xcconfig */,
				8F763C972BB6EA7B00B48DB4 /* App */,
				8F763CAE2BB6EA7C00B48DB4 /* AppTests */,
				8F763CB82BB6EA7C00B48DB4 /* AppUITests */,
				8F763C962BB6EA7B00B48DB4 /* Products */,
				8F0B18492BBF3BF700910CAD /* Frameworks */,
			);
			sourceTree = "<group>";
		};
		8F763C962BB6EA7B00B48DB4 /* Products */ = {
			isa = PBXGroup;
			children = (
				8F763C952BB6EA7B00B48DB4 /* App.app */,
				8F763CAB2BB6EA7C00B48DB4 /* AppTests.xctest */,
				8F763CB52BB6EA7C00B48DB4 /* AppUITests.xctest */,
			);
			name = Products;
			sourceTree = "<group>";
		};
		8F763C972BB6EA7B00B48DB4 /* App */ = {
			isa = PBXGroup;
			children = (
				8F763CA62BB6EA7B00B48DB4 /* Info.plist */,
				8F897B8B2BC3F36C001903E5 /* AppCoordinator.swift */,
				8F763C982BB6EA7B00B48DB4 /* AppDelegate.swift */,
				8F763C9A2BB6EA7B00B48DB4 /* SceneDelegate.swift */,
				8F5C76E62BC5411F00B07ABF /* Extensions */,
				8FD4F1B82BC6D7CA009A5BC1 /* Resources */,
				8F5C76D42BC5378E00B07ABF /* Utils */,
				8F897BA02BC3FECE001903E5 /* Views */,
			);
			path = App;
			sourceTree = "<group>";
		};
		8F763CAE2BB6EA7C00B48DB4 /* AppTests */ = {
			isa = PBXGroup;
			children = (
				8F763CAF2BB6EA7C00B48DB4 /* AppTests.swift */,
			);
			path = AppTests;
			sourceTree = "<group>";
		};
		8F763CB82BB6EA7C00B48DB4 /* AppUITests */ = {
			isa = PBXGroup;
			children = (
				8F763CB92BB6EA7C00B48DB4 /* AppUITests.swift */,
				8F763CBB2BB6EA7C00B48DB4 /* AppUITestsLaunchTests.swift */,
			);
			path = AppUITests;
			sourceTree = "<group>";
		};
		8F897B8D2BC3F8A0001903E5 /* Users */ = {
			isa = PBXGroup;
			children = (
				8F5C76D72BC5383800B07ABF /* UsersCellProvider.swift */,
				8F897B8F2BC3F8AF001903E5 /* UsersCoordinator.swift */,
				8FD4F1A22BC6AEA8009A5BC1 /* UsersDataSource.swift */,
				8F2004E32BC3FFA00085A134 /* UsersView.swift */,
				8F897B952BC3F900001903E5 /* UsersViewController.swift */,
				8FD4F19D2BC6A327009A5BC1 /* Cell */,
			);
			path = Users;
			sourceTree = "<group>";
		};
		8F897B8E2BC3F8A5001903E5 /* Repos */ = {
			isa = PBXGroup;
			children = (
				8FA752912BCD50CD00A15083 /* RepoCell.swift */,
				8FA752932BCD510C00A15083 /* RepoCellProvider.swift */,
				8F897B912BC3F8C2001903E5 /* ReposCoordinator.swift */,
				8F897B932BC3F8DE001903E5 /* ReposViewController.swift */,
			);
			path = Repos;
			sourceTree = "<group>";
		};
		8F897BA02BC3FECE001903E5 /* Views */ = {
			isa = PBXGroup;
			children = (
				8F5C76EB2BC5450600B07ABF /* TableViewCell.swift */,
				8F5C76E42BC5406F00B07ABF /* View.swift */,
				8F897BA12BC3FEEC001903E5 /* ViewController.swift */,
				8F763CA32BB6EA7B00B48DB4 /* LaunchScreen.storyboard */,
				8F897B8E2BC3F8A5001903E5 /* Repos */,
				8F897B8D2BC3F8A0001903E5 /* Users */,
			);
			path = Views;
			sourceTree = "<group>";
		};
		8FD4F19D2BC6A327009A5BC1 /* Cell */ = {
			isa = PBXGroup;
			children = (
				8FD4F19E2BC6A331009A5BC1 /* AddUserCell.swift */,
				8F5C76D92BC5386700B07ABF /* UserCell.swift */,
			);
			path = Cell;
			sourceTree = "<group>";
		};
		8FD4F1B82BC6D7CA009A5BC1 /* Resources */ = {
			isa = PBXGroup;
			children = (
				8F763CA12BB6EA7B00B48DB4 /* Assets.xcassets */,
			);
			path = Resources;
			sourceTree = "<group>";
		};
/* End PBXGroup section */

/* Begin PBXNativeTarget section */
		8F763C942BB6EA7A00B48DB4 /* App */ = {
			isa = PBXNativeTarget;
			buildConfigurationList = 8F763CBF2BB6EA7C00B48DB4 /* Build configuration list for PBXNativeTarget "App" */;
			buildPhases = (
				8F763C912BB6EA7A00B48DB4 /* Sources */,
				8F763C922BB6EA7A00B48DB4 /* Frameworks */,
				8F763C932BB6EA7A00B48DB4 /* Resources */,
				8F0B18502BBF3BF700910CAD /* Embed Frameworks */,
			);
			buildRules = (
			);
			dependencies = (
			);
			name = App;
			packageProductDependencies = (
				8F0B18472BBF3BE200910CAD /* Container */,
				8FD4F1B12BC6CD85009A5BC1 /* Nuke */,
				8FD4F1B32BC6CD85009A5BC1 /* NukeExtensions */,
			);
			productName = App;
			productReference = 8F763C952BB6EA7B00B48DB4 /* App.app */;
			productType = "com.apple.product-type.application";
		};
		8F763CAA2BB6EA7C00B48DB4 /* AppTests */ = {
			isa = PBXNativeTarget;
			buildConfigurationList = 8F763CC22BB6EA7C00B48DB4 /* Build configuration list for PBXNativeTarget "AppTests" */;
			buildPhases = (
				8F763CA72BB6EA7C00B48DB4 /* Sources */,
				8F763CA82BB6EA7C00B48DB4 /* Frameworks */,
				8F763CA92BB6EA7C00B48DB4 /* Resources */,
			);
			buildRules = (
			);
			dependencies = (
				8F763CAD2BB6EA7C00B48DB4 /* PBXTargetDependency */,
			);
			name = AppTests;
			productName = AppTests;
			productReference = 8F763CAB2BB6EA7C00B48DB4 /* AppTests.xctest */;
			productType = "com.apple.product-type.bundle.unit-test";
		};
		8F763CB42BB6EA7C00B48DB4 /* AppUITests */ = {
			isa = PBXNativeTarget;
			buildConfigurationList = 8F763CC52BB6EA7C00B48DB4 /* Build configuration list for PBXNativeTarget "AppUITests" */;
			buildPhases = (
				8F763CB12BB6EA7C00B48DB4 /* Sources */,
				8F763CB22BB6EA7C00B48DB4 /* Frameworks */,
				8F763CB32BB6EA7C00B48DB4 /* Resources */,
			);
			buildRules = (
			);
			dependencies = (
				8F763CB72BB6EA7C00B48DB4 /* PBXTargetDependency */,
			);
			name = AppUITests;
			productName = AppUITests;
			productReference = 8F763CB52BB6EA7C00B48DB4 /* AppUITests.xctest */;
			productType = "com.apple.product-type.bundle.ui-testing";
		};
/* End PBXNativeTarget section */

/* Begin PBXProject section */
		8F763C8D2BB6EA7A00B48DB4 /* Project object */ = {
			isa = PBXProject;
			attributes = {
				BuildIndependentTargetsInParallel = 1;
				LastSwiftUpdateCheck = 1530;
				LastUpgradeCheck = 1530;
				TargetAttributes = {
					8F763C942BB6EA7A00B48DB4 = {
						CreatedOnToolsVersion = 15.3;
					};
					8F763CAA2BB6EA7C00B48DB4 = {
						CreatedOnToolsVersion = 15.3;
						TestTargetID = 8F763C942BB6EA7A00B48DB4;
					};
					8F763CB42BB6EA7C00B48DB4 = {
						CreatedOnToolsVersion = 15.3;
						TestTargetID = 8F763C942BB6EA7A00B48DB4;
					};
				};
			};
			buildConfigurationList = 8F763C902BB6EA7A00B48DB4 /* Build configuration list for PBXProject "App" */;
			compatibilityVersion = "Xcode 14.0";
			developmentRegion = en;
			hasScannedForEncodings = 0;
			knownRegions = (
				en,
				Base,
				pl,
			);
			mainGroup = 8F763C8C2BB6EA7A00B48DB4;
			packageReferences = (
				8F0B18462BBF3BE200910CAD /* XCRemoteSwiftPackageReference "Container" */,
				8FD4F1B02BC6CD85009A5BC1 /* XCRemoteSwiftPackageReference "Nuke" */,
			);
			productRefGroup = 8F763C962BB6EA7B00B48DB4 /* Products */;
			projectDirPath = "";
			projectRoot = "";
			targets = (
				8F763C942BB6EA7A00B48DB4 /* App */,
				8F763CAA2BB6EA7C00B48DB4 /* AppTests */,
				8F763CB42BB6EA7C00B48DB4 /* AppUITests */,
			);
		};
/* End PBXProject section */

/* Begin PBXResourcesBuildPhase section */
		8F763C932BB6EA7A00B48DB4 /* Resources */ = {
			isa = PBXResourcesBuildPhase;
			buildActionMask = 2147483647;
			files = (
				8F763CA22BB6EA7B00B48DB4 /* Assets.xcassets in Resources */,
				8F763D3B2BB6EEEC00B48DB4 /* Config.xcconfig in Resources */,
				8F763CA52BB6EA7B00B48DB4 /* Base in Resources */,
			);
			runOnlyForDeploymentPostprocessing = 0;
		};
		8F763CA92BB6EA7C00B48DB4 /* Resources */ = {
			isa = PBXResourcesBuildPhase;
			buildActionMask = 2147483647;
			files = (
			);
			runOnlyForDeploymentPostprocessing = 0;
		};
		8F763CB32BB6EA7C00B48DB4 /* Resources */ = {
			isa = PBXResourcesBuildPhase;
			buildActionMask = 2147483647;
			files = (
			);
			runOnlyForDeploymentPostprocessing = 0;
		};
/* End PBXResourcesBuildPhase section */

/* Begin PBXSourcesBuildPhase section */
		8F763C912BB6EA7A00B48DB4 /* Sources */ = {
			isa = PBXSourcesBuildPhase;
			buildActionMask = 2147483647;
			files = (
				8F5C76D62BC5379500B07ABF /* CellProvider.swift in Sources */,
				8F5C76EC2BC5450600B07ABF /* TableViewCell.swift in Sources */,
				8F5C76E82BC5412A00B07ABF /* UIViewExtensions.swift in Sources */,
				8F5C76D82BC5383800B07ABF /* UsersCellProvider.swift in Sources */,
				8F5C76F52BC695CA00B07ABF /* UIImageViewExtensions.swift in Sources */,
				8F897B922BC3F8C2001903E5 /* ReposCoordinator.swift in Sources */,
				8FA752922BCD50CD00A15083 /* RepoCell.swift in Sources */,
				8F897B8C2BC3F36C001903E5 /* AppCoordinator.swift in Sources */,
				8F897B942BC3F8DE001903E5 /* ReposViewController.swift in Sources */,
				8FD4F19F2BC6A331009A5BC1 /* AddUserCell.swift in Sources */,
				8FA752942BCD510C00A15083 /* RepoCellProvider.swift in Sources */,
				8FD4F1A32BC6AEA8009A5BC1 /* UsersDataSource.swift in Sources */,
				8F897B962BC3F900001903E5 /* UsersViewController.swift in Sources */,
				8F5C76DC2BC53A0B00B07ABF /* Reusable.swift in Sources */,
				8F5C76F32BC6903A00B07ABF /* NSLayoutConstraintExtensions.swift in Sources */,
				8F897B902BC3F8AF001903E5 /* UsersCoordinator.swift in Sources */,
				8F2004E42BC3FFA00085A134 /* UsersView.swift in Sources */,
				8F5C76DA2BC5386700B07ABF /* UserCell.swift in Sources */,
				8F763C992BB6EA7B00B48DB4 /* AppDelegate.swift in Sources */,
				8FD4F1A52BC6B28F009A5BC1 /* UIControl+Combine.swift in Sources */,
				8F897BA22BC3FEEC001903E5 /* ViewController.swift in Sources */,
				8F5C76E52BC5406F00B07ABF /* View.swift in Sources */,
				8FD4F19C2BC69EF7009A5BC1 /* UIBarButtonItem+Combine.swift in Sources */,
				8F763C9B2BB6EA7B00B48DB4 /* SceneDelegate.swift in Sources */,
			);
			runOnlyForDeploymentPostprocessing = 0;
		};
		8F763CA72BB6EA7C00B48DB4 /* Sources */ = {
			isa = PBXSourcesBuildPhase;
			buildActionMask = 2147483647;
			files = (
				8F763CB02BB6EA7C00B48DB4 /* AppTests.swift in Sources */,
			);
			runOnlyForDeploymentPostprocessing = 0;
		};
		8F763CB12BB6EA7C00B48DB4 /* Sources */ = {
			isa = PBXSourcesBuildPhase;
			buildActionMask = 2147483647;
			files = (
				8F763CBC2BB6EA7C00B48DB4 /* AppUITestsLaunchTests.swift in Sources */,
				8F763CBA2BB6EA7C00B48DB4 /* AppUITests.swift in Sources */,
			);
			runOnlyForDeploymentPostprocessing = 0;
		};
/* End PBXSourcesBuildPhase section */

/* Begin PBXTargetDependency section */
		8F763CAD2BB6EA7C00B48DB4 /* PBXTargetDependency */ = {
			isa = PBXTargetDependency;
			target = 8F763C942BB6EA7A00B48DB4 /* App */;
			targetProxy = 8F763CAC2BB6EA7C00B48DB4 /* PBXContainerItemProxy */;
		};
		8F763CB72BB6EA7C00B48DB4 /* PBXTargetDependency */ = {
			isa = PBXTargetDependency;
			target = 8F763C942BB6EA7A00B48DB4 /* App */;
			targetProxy = 8F763CB62BB6EA7C00B48DB4 /* PBXContainerItemProxy */;
		};
/* End PBXTargetDependency section */

/* Begin PBXVariantGroup section */
		8F763CA32BB6EA7B00B48DB4 /* LaunchScreen.storyboard */ = {
			isa = PBXVariantGroup;
			children = (
				8F763CA42BB6EA7B00B48DB4 /* Base */,
			);
			name = LaunchScreen.storyboard;
			sourceTree = "<group>";
		};
/* End PBXVariantGroup section */

/* Begin XCBuildConfiguration section */
		8F763CBD2BB6EA7C00B48DB4 /* Debug */ = {
			isa = XCBuildConfiguration;
			baseConfigurationReference = 8F763D3A2BB6EEEC00B48DB4 /* Config.xcconfig */;
			buildSettings = {
				ALWAYS_SEARCH_USER_PATHS = NO;
				ASSETCATALOG_COMPILER_GENERATE_SWIFT_ASSET_SYMBOL_EXTENSIONS = YES;
				CLANG_ANALYZER_NONNULL = YES;
				CLANG_ANALYZER_NUMBER_OBJECT_CONVERSION = YES_AGGRESSIVE;
				CLANG_CXX_LANGUAGE_STANDARD = "gnu++20";
				CLANG_ENABLE_MODULES = YES;
				CLANG_ENABLE_OBJC_ARC = YES;
				CLANG_ENABLE_OBJC_WEAK = YES;
				CLANG_WARN_BLOCK_CAPTURE_AUTORELEASING = YES;
				CLANG_WARN_BOOL_CONVERSION = YES;
				CLANG_WARN_COMMA = YES;
				CLANG_WARN_CONSTANT_CONVERSION = YES;
				CLANG_WARN_DEPRECATED_OBJC_IMPLEMENTATIONS = YES;
				CLANG_WARN_DIRECT_OBJC_ISA_USAGE = YES_ERROR;
				CLANG_WARN_DOCUMENTATION_COMMENTS = YES;
				CLANG_WARN_EMPTY_BODY = YES;
				CLANG_WARN_ENUM_CONVERSION = YES;
				CLANG_WARN_INFINITE_RECURSION = YES;
				CLANG_WARN_INT_CONVERSION = YES;
				CLANG_WARN_NON_LITERAL_NULL_CONVERSION = YES;
				CLANG_WARN_OBJC_IMPLICIT_RETAIN_SELF = YES;
				CLANG_WARN_OBJC_LITERAL_CONVERSION = YES;
				CLANG_WARN_OBJC_ROOT_CLASS = YES_ERROR;
				CLANG_WARN_QUOTED_INCLUDE_IN_FRAMEWORK_HEADER = YES;
				CLANG_WARN_RANGE_LOOP_ANALYSIS = YES;
				CLANG_WARN_STRICT_PROTOTYPES = YES;
				CLANG_WARN_SUSPICIOUS_MOVE = YES;
				CLANG_WARN_UNGUARDED_AVAILABILITY = YES_AGGRESSIVE;
				CLANG_WARN_UNREACHABLE_CODE = YES;
				CLANG_WARN__DUPLICATE_METHOD_MATCH = YES;
				COPY_PHASE_STRIP = NO;
				DEBUG_INFORMATION_FORMAT = dwarf;
				ENABLE_STRICT_OBJC_MSGSEND = YES;
				ENABLE_TESTABILITY = YES;
				ENABLE_USER_SCRIPT_SANDBOXING = YES;
				GCC_C_LANGUAGE_STANDARD = gnu17;
				GCC_DYNAMIC_NO_PIC = NO;
				GCC_NO_COMMON_BLOCKS = YES;
				GCC_OPTIMIZATION_LEVEL = 0;
				GCC_PREPROCESSOR_DEFINITIONS = (
					"DEBUG=1",
					"$(inherited)",
				);
				GCC_WARN_64_TO_32_BIT_CONVERSION = YES;
				GCC_WARN_ABOUT_RETURN_TYPE = YES_ERROR;
				GCC_WARN_UNDECLARED_SELECTOR = YES;
				GCC_WARN_UNINITIALIZED_AUTOS = YES_AGGRESSIVE;
				GCC_WARN_UNUSED_FUNCTION = YES;
				GCC_WARN_UNUSED_VARIABLE = YES;
				LOCALIZATION_PREFERS_STRING_CATALOGS = YES;
				MTL_ENABLE_DEBUG_INFO = INCLUDE_SOURCE;
				MTL_FAST_MATH = YES;
				ONLY_ACTIVE_ARCH = YES;
				SDKROOT = iphoneos;
				SWIFT_ACTIVE_COMPILATION_CONDITIONS = "DEBUG $(inherited)";
				SWIFT_OPTIMIZATION_LEVEL = "-Onone";
			};
			name = Debug;
		};
		8F763CBE2BB6EA7C00B48DB4 /* Release */ = {
			isa = XCBuildConfiguration;
			baseConfigurationReference = 8F763D3A2BB6EEEC00B48DB4 /* Config.xcconfig */;
			buildSettings = {
				ALWAYS_SEARCH_USER_PATHS = NO;
				ASSETCATALOG_COMPILER_GENERATE_SWIFT_ASSET_SYMBOL_EXTENSIONS = YES;
				CLANG_ANALYZER_NONNULL = YES;
				CLANG_ANALYZER_NUMBER_OBJECT_CONVERSION = YES_AGGRESSIVE;
				CLANG_CXX_LANGUAGE_STANDARD = "gnu++20";
				CLANG_ENABLE_MODULES = YES;
				CLANG_ENABLE_OBJC_ARC = YES;
				CLANG_ENABLE_OBJC_WEAK = YES;
				CLANG_WARN_BLOCK_CAPTURE_AUTORELEASING = YES;
				CLANG_WARN_BOOL_CONVERSION = YES;
				CLANG_WARN_COMMA = YES;
				CLANG_WARN_CONSTANT_CONVERSION = YES;
				CLANG_WARN_DEPRECATED_OBJC_IMPLEMENTATIONS = YES;
				CLANG_WARN_DIRECT_OBJC_ISA_USAGE = YES_ERROR;
				CLANG_WARN_DOCUMENTATION_COMMENTS = YES;
				CLANG_WARN_EMPTY_BODY = YES;
				CLANG_WARN_ENUM_CONVERSION = YES;
				CLANG_WARN_INFINITE_RECURSION = YES;
				CLANG_WARN_INT_CONVERSION = YES;
				CLANG_WARN_NON_LITERAL_NULL_CONVERSION = YES;
				CLANG_WARN_OBJC_IMPLICIT_RETAIN_SELF = YES;
				CLANG_WARN_OBJC_LITERAL_CONVERSION = YES;
				CLANG_WARN_OBJC_ROOT_CLASS = YES_ERROR;
				CLANG_WARN_QUOTED_INCLUDE_IN_FRAMEWORK_HEADER = YES;
				CLANG_WARN_RANGE_LOOP_ANALYSIS = YES;
				CLANG_WARN_STRICT_PROTOTYPES = YES;
				CLANG_WARN_SUSPICIOUS_MOVE = YES;
				CLANG_WARN_UNGUARDED_AVAILABILITY = YES_AGGRESSIVE;
				CLANG_WARN_UNREACHABLE_CODE = YES;
				CLANG_WARN__DUPLICATE_METHOD_MATCH = YES;
				COPY_PHASE_STRIP = NO;
				DEBUG_INFORMATION_FORMAT = "dwarf-with-dsym";
				ENABLE_NS_ASSERTIONS = NO;
				ENABLE_STRICT_OBJC_MSGSEND = YES;
				ENABLE_USER_SCRIPT_SANDBOXING = YES;
				GCC_C_LANGUAGE_STANDARD = gnu17;
				GCC_NO_COMMON_BLOCKS = YES;
				GCC_WARN_64_TO_32_BIT_CONVERSION = YES;
				GCC_WARN_ABOUT_RETURN_TYPE = YES_ERROR;
				GCC_WARN_UNDECLARED_SELECTOR = YES;
				GCC_WARN_UNINITIALIZED_AUTOS = YES_AGGRESSIVE;
				GCC_WARN_UNUSED_FUNCTION = YES;
				GCC_WARN_UNUSED_VARIABLE = YES;
				LOCALIZATION_PREFERS_STRING_CATALOGS = YES;
				MTL_ENABLE_DEBUG_INFO = NO;
				MTL_FAST_MATH = YES;
				SDKROOT = iphoneos;
				SWIFT_COMPILATION_MODE = wholemodule;
				VALIDATE_PRODUCT = YES;
			};
			name = Release;
		};
		8F763CC02BB6EA7C00B48DB4 /* Debug */ = {
			isa = XCBuildConfiguration;
			buildSettings = {
				ASSETCATALOG_COMPILER_APPICON_NAME = AppIcon;
				ASSETCATALOG_COMPILER_GLOBAL_ACCENT_COLOR_NAME = AccentColor;
				CODE_SIGN_STYLE = Automatic;
				CURRENT_PROJECT_VERSION = 1;
				GENERATE_INFOPLIST_FILE = YES;
				INFOPLIST_FILE = App/Info.plist;
				INFOPLIST_KEY_UIApplicationSupportsIndirectInputEvents = YES;
				INFOPLIST_KEY_UILaunchStoryboardName = LaunchScreen;
				INFOPLIST_KEY_UISupportedInterfaceOrientations_iPad = "UIInterfaceOrientationPortrait UIInterfaceOrientationPortraitUpsideDown UIInterfaceOrientationLandscapeLeft UIInterfaceOrientationLandscapeRight";
				INFOPLIST_KEY_UISupportedInterfaceOrientations_iPhone = "UIInterfaceOrientationPortrait UIInterfaceOrientationLandscapeLeft UIInterfaceOrientationLandscapeRight";
				LD_RUNPATH_SEARCH_PATHS = (
					"$(inherited)",
					"@executable_path/Frameworks",
				);
				PRODUCT_BUNDLE_IDENTIFIER = "$(inherited).app";
				PRODUCT_NAME = "$(TARGET_NAME)";
				SWIFT_EMIT_LOC_STRINGS = YES;
				TARGETED_DEVICE_FAMILY = "1,2";
			};
			name = Debug;
		};
		8F763CC12BB6EA7C00B48DB4 /* Release */ = {
			isa = XCBuildConfiguration;
			buildSettings = {
				ASSETCATALOG_COMPILER_APPICON_NAME = AppIcon;
				ASSETCATALOG_COMPILER_GLOBAL_ACCENT_COLOR_NAME = AccentColor;
				CODE_SIGN_STYLE = Automatic;
				CURRENT_PROJECT_VERSION = 1;
				GENERATE_INFOPLIST_FILE = YES;
				INFOPLIST_FILE = App/Info.plist;
				INFOPLIST_KEY_UIApplicationSupportsIndirectInputEvents = YES;
				INFOPLIST_KEY_UILaunchStoryboardName = LaunchScreen;
				INFOPLIST_KEY_UISupportedInterfaceOrientations_iPad = "UIInterfaceOrientationPortrait UIInterfaceOrientationPortraitUpsideDown UIInterfaceOrientationLandscapeLeft UIInterfaceOrientationLandscapeRight";
				INFOPLIST_KEY_UISupportedInterfaceOrientations_iPhone = "UIInterfaceOrientationPortrait UIInterfaceOrientationLandscapeLeft UIInterfaceOrientationLandscapeRight";
				LD_RUNPATH_SEARCH_PATHS = (
					"$(inherited)",
					"@executable_path/Frameworks",
				);
				PRODUCT_BUNDLE_IDENTIFIER = "$(inherited).app";
				PRODUCT_NAME = "$(TARGET_NAME)";
				SWIFT_EMIT_LOC_STRINGS = YES;
				TARGETED_DEVICE_FAMILY = "1,2";
			};
			name = Release;
		};
		8F763CC32BB6EA7C00B48DB4 /* Debug */ = {
			isa = XCBuildConfiguration;
			buildSettings = {
				ALWAYS_EMBED_SWIFT_STANDARD_LIBRARIES = YES;
				BUNDLE_LOADER = "$(TEST_HOST)";
				CODE_SIGN_STYLE = Automatic;
				CURRENT_PROJECT_VERSION = 1;
				GENERATE_INFOPLIST_FILE = YES;
				PRODUCT_BUNDLE_IDENTIFIER = "$(inherited).appTests";
				PRODUCT_NAME = "$(TARGET_NAME)";
				SWIFT_EMIT_LOC_STRINGS = NO;
				TARGETED_DEVICE_FAMILY = "1,2";
				TEST_HOST = "$(BUILT_PRODUCTS_DIR)/App.app/$(BUNDLE_EXECUTABLE_FOLDER_PATH)/App";
			};
			name = Debug;
		};
		8F763CC42BB6EA7C00B48DB4 /* Release */ = {
			isa = XCBuildConfiguration;
			buildSettings = {
				ALWAYS_EMBED_SWIFT_STANDARD_LIBRARIES = YES;
				BUNDLE_LOADER = "$(TEST_HOST)";
				CODE_SIGN_STYLE = Automatic;
				CURRENT_PROJECT_VERSION = 1;
				GENERATE_INFOPLIST_FILE = YES;
				PRODUCT_BUNDLE_IDENTIFIER = "$(inherited).appTests";
				PRODUCT_NAME = "$(TARGET_NAME)";
				SWIFT_EMIT_LOC_STRINGS = NO;
				TARGETED_DEVICE_FAMILY = "1,2";
				TEST_HOST = "$(BUILT_PRODUCTS_DIR)/App.app/$(BUNDLE_EXECUTABLE_FOLDER_PATH)/App";
			};
			name = Release;
		};
		8F763CC62BB6EA7C00B48DB4 /* Debug */ = {
			isa = XCBuildConfiguration;
			buildSettings = {
				ALWAYS_EMBED_SWIFT_STANDARD_LIBRARIES = YES;
				CODE_SIGN_STYLE = Automatic;
				CURRENT_PROJECT_VERSION = 1;
				GENERATE_INFOPLIST_FILE = YES;
				PRODUCT_BUNDLE_IDENTIFIER = "$(inherited).appUITests";
				PRODUCT_NAME = "$(TARGET_NAME)";
				SWIFT_EMIT_LOC_STRINGS = NO;
				TARGETED_DEVICE_FAMILY = "1,2";
				TEST_TARGET_NAME = App;
			};
			name = Debug;
		};
		8F763CC72BB6EA7C00B48DB4 /* Release */ = {
			isa = XCBuildConfiguration;
			buildSettings = {
				ALWAYS_EMBED_SWIFT_STANDARD_LIBRARIES = YES;
				CODE_SIGN_STYLE = Automatic;
				CURRENT_PROJECT_VERSION = 1;
				GENERATE_INFOPLIST_FILE = YES;
				PRODUCT_BUNDLE_IDENTIFIER = "$(inherited).appUITests";
				PRODUCT_NAME = "$(TARGET_NAME)";
				SWIFT_EMIT_LOC_STRINGS = NO;
				TARGETED_DEVICE_FAMILY = "1,2";
				TEST_TARGET_NAME = App;
			};
			name = Release;
		};
/* End XCBuildConfiguration section */

/* Begin XCConfigurationList section */
		8F763C902BB6EA7A00B48DB4 /* Build configuration list for PBXProject "App" */ = {
			isa = XCConfigurationList;
			buildConfigurations = (
				8F763CBD2BB6EA7C00B48DB4 /* Debug */,
				8F763CBE2BB6EA7C00B48DB4 /* Release */,
			);
			defaultConfigurationIsVisible = 0;
			defaultConfigurationName = Release;
		};
		8F763CBF2BB6EA7C00B48DB4 /* Build configuration list for PBXNativeTarget "App" */ = {
			isa = XCConfigurationList;
			buildConfigurations = (
				8F763CC02BB6EA7C00B48DB4 /* Debug */,
				8F763CC12BB6EA7C00B48DB4 /* Release */,
			);
			defaultConfigurationIsVisible = 0;
			defaultConfigurationName = Release;
		};
		8F763CC22BB6EA7C00B48DB4 /* Build configuration list for PBXNativeTarget "AppTests" */ = {
			isa = XCConfigurationList;
			buildConfigurations = (
				8F763CC32BB6EA7C00B48DB4 /* Debug */,
				8F763CC42BB6EA7C00B48DB4 /* Release */,
			);
			defaultConfigurationIsVisible = 0;
			defaultConfigurationName = Release;
		};
		8F763CC52BB6EA7C00B48DB4 /* Build configuration list for PBXNativeTarget "AppUITests" */ = {
			isa = XCConfigurationList;
			buildConfigurations = (
				8F763CC62BB6EA7C00B48DB4 /* Debug */,
				8F763CC72BB6EA7C00B48DB4 /* Release */,
			);
			defaultConfigurationIsVisible = 0;
			defaultConfigurationName = Release;
		};
/* End XCConfigurationList section */

/* Begin XCRemoteSwiftPackageReference section */
		8F0B18462BBF3BE200910CAD /* XCRemoteSwiftPackageReference "Container" */ = {
			isa = XCRemoteSwiftPackageReference;
			repositoryURL = "https://github.com/pikciu/Container.git";
			requirement = {
				kind = upToNextMajorVersion;
				minimumVersion = 1.4.0;
			};
		};
		8FD4F1B02BC6CD85009A5BC1 /* XCRemoteSwiftPackageReference "Nuke" */ = {
			isa = XCRemoteSwiftPackageReference;
			repositoryURL = "https://github.com/kean/Nuke";
			requirement = {
				kind = upToNextMajorVersion;
				minimumVersion = 12.5.0;
			};
		};
/* End XCRemoteSwiftPackageReference section */

/* Begin XCSwiftPackageProductDependency section */
		8F0B18472BBF3BE200910CAD /* Container */ = {
			isa = XCSwiftPackageProductDependency;
			package = 8F0B18462BBF3BE200910CAD /* XCRemoteSwiftPackageReference "Container" */;
			productName = Container;
		};
		8FD4F1B12BC6CD85009A5BC1 /* Nuke */ = {
			isa = XCSwiftPackageProductDependency;
			package = 8FD4F1B02BC6CD85009A5BC1 /* XCRemoteSwiftPackageReference "Nuke" */;
			productName = Nuke;
		};
		8FD4F1B32BC6CD85009A5BC1 /* NukeExtensions */ = {
			isa = XCSwiftPackageProductDependency;
			package = 8FD4F1B02BC6CD85009A5BC1 /* XCRemoteSwiftPackageReference "Nuke" */;
			productName = NukeExtensions;
		};
/* End XCSwiftPackageProductDependency section */
	};
	rootObject = 8F763C8D2BB6EA7A00B48DB4 /* Project object */;
}
