// !$*UTF8*$!
{
	archiveVersion = 1;
	classes = {
	};
	objectVersion = 56;
	objects = {

/* Begin PBXBuildFile section */
		8F0B182E2BBF35C500910CAD /* GitHubUserRemoteRepository.swift in Sources */ = {isa = PBXBuildFile; fileRef = 8F0B182D2BBF35C500910CAD /* GitHubUserRemoteRepository.swift */; };
		8F0B18312BBF35D500910CAD /* Domain.framework in Frameworks */ = {isa = PBXBuildFile; fileRef = 8F0B18302BBF35D500910CAD /* Domain.framework */; };
		8F0B18352BBF35DA00910CAD /* HTTP.framework in Frameworks */ = {isa = PBXBuildFile; fileRef = 8F0B18342BBF35DA00910CAD /* HTTP.framework */; };
		8F0B18382BBF362B00910CAD /* GitHubUserLocalRepository.swift in Sources */ = {isa = PBXBuildFile; fileRef = 8F0B18372BBF362B00910CAD /* GitHubUserLocalRepository.swift */; };
		8F0B183B2BBF365E00910CAD /* Container in Frameworks */ = {isa = PBXBuildFile; productRef = 8F0B183A2BBF365E00910CAD /* Container */; };
		8F0B183D2BBF367000910CAD /* DataModule.swift in Sources */ = {isa = PBXBuildFile; fileRef = 8F0B183C2BBF367000910CAD /* DataModule.swift */; };
		8F0B18402BBF376900910CAD /* UserRequest.swift in Sources */ = {isa = PBXBuildFile; fileRef = 8F0B183F2BBF376900910CAD /* UserRequest.swift */; };
		8F0B18422BBF379E00910CAD /* GitHubEndpoint.swift in Sources */ = {isa = PBXBuildFile; fileRef = 8F0B18412BBF379E00910CAD /* GitHubEndpoint.swift */; };
		8F0B18582BBF438C00910CAD /* ResultsMapper.swift in Sources */ = {isa = PBXBuildFile; fileRef = 8F0B18572BBF438C00910CAD /* ResultsMapper.swift */; };
		8F0B185E2BC3ED5700910CAD /* seed.realm in Resources */ = {isa = PBXBuildFile; fileRef = 8F0B185D2BC3ED5700910CAD /* seed.realm */; };
		8F0B18602BC3ED6C00910CAD /* RealmConfigurationProvider.swift in Sources */ = {isa = PBXBuildFile; fileRef = 8F0B185F2BC3ED6C00910CAD /* RealmConfigurationProvider.swift */; };
		8F3ED7152BC83E48009646E4 /* Realm in Frameworks */ = {isa = PBXBuildFile; productRef = 8F3ED7142BC83E48009646E4 /* Realm */; };
		8F3ED7172BC83E48009646E4 /* RealmSwift in Frameworks */ = {isa = PBXBuildFile; productRef = 8F3ED7162BC83E48009646E4 /* RealmSwift */; };
		8F763CFB2BB6EB1100B48DB4 /* Data.docc in Sources */ = {isa = PBXBuildFile; fileRef = 8F763CFA2BB6EB1100B48DB4 /* Data.docc */; };
		8F763D012BB6EB1100B48DB4 /* Data.framework in Frameworks */ = {isa = PBXBuildFile; fileRef = 8F763CF62BB6EB1100B48DB4 /* Data.framework */; };
		8F763D062BB6EB1100B48DB4 /* DataTests.swift in Sources */ = {isa = PBXBuildFile; fileRef = 8F763D052BB6EB1100B48DB4 /* DataTests.swift */; };
		8F763D072BB6EB1100B48DB4 /* Data.h in Headers */ = {isa = PBXBuildFile; fileRef = 8F763CF92BB6EB1100B48DB4 /* Data.h */; settings = {ATTRIBUTES = (Public, ); }; };
		8F763D352BB6EECC00B48DB4 /* Config.xcconfig in Resources */ = {isa = PBXBuildFile; fileRef = 8F763D342BB6EECC00B48DB4 /* Config.xcconfig */; };
		8F78F39C2BCFC0D2006A6B04 /* FavoriteRepoLocalRepository.swift in Sources */ = {isa = PBXBuildFile; fileRef = 8F78F39B2BCFC0D2006A6B04 /* FavoriteRepoLocalRepository.swift */; };
		8F8601CB2BCD270600EBA08C /* GitHubRepoRemoteRepository.swift in Sources */ = {isa = PBXBuildFile; fileRef = 8F8601CA2BCD270600EBA08C /* GitHubRepoRemoteRepository.swift */; };
		8F8601CD2BCD278E00EBA08C /* ReposRequest.swift in Sources */ = {isa = PBXBuildFile; fileRef = 8F8601CC2BCD278E00EBA08C /* ReposRequest.swift */; };
		8F8601D02BCD27C300EBA08C /* RepoDTO.swift in Sources */ = {isa = PBXBuildFile; fileRef = 8F8601CF2BCD27C300EBA08C /* RepoDTO.swift */; };
		8F8601D42BCD319200EBA08C /* JSONResponseMapper+GitHub.swift in Sources */ = {isa = PBXBuildFile; fileRef = 8F8601D32BCD319200EBA08C /* JSONResponseMapper+GitHub.swift */; };
		8F8601D72BCD350D00EBA08C /* RepoRealm.swift in Sources */ = {isa = PBXBuildFile; fileRef = 8F8601D62BCD350D00EBA08C /* RepoRealm.swift */; };
		8F8601DB2BCD377200EBA08C /* OwnerRealm.swift in Sources */ = {isa = PBXBuildFile; fileRef = 8F8601DA2BCD377200EBA08C /* OwnerRealm.swift */; };
		8F8601DD2BCD3A8800EBA08C /* GitHubRepoLocalRepository.swift in Sources */ = {isa = PBXBuildFile; fileRef = 8F8601DC2BCD3A8800EBA08C /* GitHubRepoLocalRepository.swift */; };
		8FA3C40E2BBF2C0E003C8E58 /* UserDTO.swift in Sources */ = {isa = PBXBuildFile; fileRef = 8FA3C40D2BBF2C0E003C8E58 /* UserDTO.swift */; };
		8FA3C4112BBF2F1A003C8E58 /* UserRealm.swift in Sources */ = {isa = PBXBuildFile; fileRef = 8FA3C4102BBF2F1A003C8E58 /* UserRealm.swift */; };
		8FA752A02BCE95F300A15083 /* FavoriteRepoRealm.swift in Sources */ = {isa = PBXBuildFile; fileRef = 8FA7529F2BCE95F300A15083 /* FavoriteRepoRealm.swift */; };
		8FC909AA2BCE9798006485D4 /* RealmRepository.swift in Sources */ = {isa = PBXBuildFile; fileRef = 8FC909A92BCE9798006485D4 /* RealmRepository.swift */; };
/* End PBXBuildFile section */

/* Begin PBXContainerItemProxy section */
		8F763D022BB6EB1100B48DB4 /* PBXContainerItemProxy */ = {
			isa = PBXContainerItemProxy;
			containerPortal = 8F763CED2BB6EB1100B48DB4 /* Project object */;
			proxyType = 1;
			remoteGlobalIDString = 8F763CF52BB6EB1100B48DB4;
			remoteInfo = Data;
		};
/* End PBXContainerItemProxy section */

/* Begin PBXFileReference section */
		8F0B182D2BBF35C500910CAD /* GitHubUserRemoteRepository.swift */ = {isa = PBXFileReference; lastKnownFileType = sourcecode.swift; path = GitHubUserRemoteRepository.swift; sourceTree = "<group>"; };
		8F0B18302BBF35D500910CAD /* Domain.framework */ = {isa = PBXFileReference; explicitFileType = wrapper.framework; path = Domain.framework; sourceTree = BUILT_PRODUCTS_DIR; };
		8F0B18342BBF35DA00910CAD /* HTTP.framework */ = {isa = PBXFileReference; explicitFileType = wrapper.framework; path = HTTP.framework; sourceTree = BUILT_PRODUCTS_DIR; };
		8F0B18372BBF362B00910CAD /* GitHubUserLocalRepository.swift */ = {isa = PBXFileReference; lastKnownFileType = sourcecode.swift; path = GitHubUserLocalRepository.swift; sourceTree = "<group>"; };
		8F0B183C2BBF367000910CAD /* DataModule.swift */ = {isa = PBXFileReference; lastKnownFileType = sourcecode.swift; path = DataModule.swift; sourceTree = "<group>"; };
		8F0B183F2BBF376900910CAD /* UserRequest.swift */ = {isa = PBXFileReference; lastKnownFileType = sourcecode.swift; path = UserRequest.swift; sourceTree = "<group>"; };
		8F0B18412BBF379E00910CAD /* GitHubEndpoint.swift */ = {isa = PBXFileReference; lastKnownFileType = sourcecode.swift; path = GitHubEndpoint.swift; sourceTree = "<group>"; };
		8F0B18572BBF438C00910CAD /* ResultsMapper.swift */ = {isa = PBXFileReference; lastKnownFileType = sourcecode.swift; path = ResultsMapper.swift; sourceTree = "<group>"; };
		8F0B185D2BC3ED5700910CAD /* seed.realm */ = {isa = PBXFileReference; lastKnownFileType = file; path = seed.realm; sourceTree = "<group>"; };
		8F0B185F2BC3ED6C00910CAD /* RealmConfigurationProvider.swift */ = {isa = PBXFileReference; lastKnownFileType = sourcecode.swift; path = RealmConfigurationProvider.swift; sourceTree = "<group>"; };
		8F763CF62BB6EB1100B48DB4 /* Data.framework */ = {isa = PBXFileReference; explicitFileType = wrapper.framework; includeInIndex = 0; path = Data.framework; sourceTree = BUILT_PRODUCTS_DIR; };
		8F763CF92BB6EB1100B48DB4 /* Data.h */ = {isa = PBXFileReference; lastKnownFileType = sourcecode.c.h; path = Data.h; sourceTree = "<group>"; };
		8F763CFA2BB6EB1100B48DB4 /* Data.docc */ = {isa = PBXFileReference; lastKnownFileType = folder.documentationcatalog; path = Data.docc; sourceTree = "<group>"; };
		8F763D002BB6EB1100B48DB4 /* DataTests.xctest */ = {isa = PBXFileReference; explicitFileType = wrapper.cfbundle; includeInIndex = 0; path = DataTests.xctest; sourceTree = BUILT_PRODUCTS_DIR; };
		8F763D052BB6EB1100B48DB4 /* DataTests.swift */ = {isa = PBXFileReference; lastKnownFileType = sourcecode.swift; path = DataTests.swift; sourceTree = "<group>"; };
		8F763D342BB6EECC00B48DB4 /* Config.xcconfig */ = {isa = PBXFileReference; fileEncoding = 4; lastKnownFileType = text.xcconfig; name = Config.xcconfig; path = ../Config.xcconfig; sourceTree = "<group>"; };
		8F78F39B2BCFC0D2006A6B04 /* FavoriteRepoLocalRepository.swift */ = {isa = PBXFileReference; lastKnownFileType = sourcecode.swift; path = FavoriteRepoLocalRepository.swift; sourceTree = "<group>"; };
		8F8601CA2BCD270600EBA08C /* GitHubRepoRemoteRepository.swift */ = {isa = PBXFileReference; lastKnownFileType = sourcecode.swift; path = GitHubRepoRemoteRepository.swift; sourceTree = "<group>"; };
		8F8601CC2BCD278E00EBA08C /* ReposRequest.swift */ = {isa = PBXFileReference; lastKnownFileType = sourcecode.swift; path = ReposRequest.swift; sourceTree = "<group>"; };
		8F8601CF2BCD27C300EBA08C /* RepoDTO.swift */ = {isa = PBXFileReference; lastKnownFileType = sourcecode.swift; path = RepoDTO.swift; sourceTree = "<group>"; };
		8F8601D32BCD319200EBA08C /* JSONResponseMapper+GitHub.swift */ = {isa = PBXFileReference; lastKnownFileType = sourcecode.swift; path = "JSONResponseMapper+GitHub.swift"; sourceTree = "<group>"; };
		8F8601D62BCD350D00EBA08C /* RepoRealm.swift */ = {isa = PBXFileReference; lastKnownFileType = sourcecode.swift; path = RepoRealm.swift; sourceTree = "<group>"; };
		8F8601DA2BCD377200EBA08C /* OwnerRealm.swift */ = {isa = PBXFileReference; lastKnownFileType = sourcecode.swift; path = OwnerRealm.swift; sourceTree = "<group>"; };
		8F8601DC2BCD3A8800EBA08C /* GitHubRepoLocalRepository.swift */ = {isa = PBXFileReference; lastKnownFileType = sourcecode.swift; path = GitHubRepoLocalRepository.swift; sourceTree = "<group>"; };
		8FA3C40D2BBF2C0E003C8E58 /* UserDTO.swift */ = {isa = PBXFileReference; lastKnownFileType = sourcecode.swift; path = UserDTO.swift; sourceTree = "<group>"; };
		8FA3C4102BBF2F1A003C8E58 /* UserRealm.swift */ = {isa = PBXFileReference; lastKnownFileType = sourcecode.swift; path = UserRealm.swift; sourceTree = "<group>"; };
		8FA7529F2BCE95F300A15083 /* FavoriteRepoRealm.swift */ = {isa = PBXFileReference; lastKnownFileType = sourcecode.swift; path = FavoriteRepoRealm.swift; sourceTree = "<group>"; };
		8FC909A92BCE9798006485D4 /* RealmRepository.swift */ = {isa = PBXFileReference; lastKnownFileType = sourcecode.swift; path = RealmRepository.swift; sourceTree = "<group>"; };
/* End PBXFileReference section */

/* Begin PBXFrameworksBuildPhase section */
		8F763CF32BB6EB1100B48DB4 /* Frameworks */ = {
			isa = PBXFrameworksBuildPhase;
			buildActionMask = 2147483647;
			files = (
				8F0B18312BBF35D500910CAD /* Domain.framework in Frameworks */,
				8F0B18352BBF35DA00910CAD /* HTTP.framework in Frameworks */,
				8F3ED7152BC83E48009646E4 /* Realm in Frameworks */,
				8F3ED7172BC83E48009646E4 /* RealmSwift in Frameworks */,
				8F0B183B2BBF365E00910CAD /* Container in Frameworks */,
			);
			runOnlyForDeploymentPostprocessing = 0;
		};
		8F763CFD2BB6EB1100B48DB4 /* Frameworks */ = {
			isa = PBXFrameworksBuildPhase;
			buildActionMask = 2147483647;
			files = (
				8F763D012BB6EB1100B48DB4 /* Data.framework in Frameworks */,
			);
			runOnlyForDeploymentPostprocessing = 0;
		};
/* End PBXFrameworksBuildPhase section */

/* Begin PBXGroup section */
		8F0B182F2BBF35D500910CAD /* Frameworks */ = {
			isa = PBXGroup;
			children = (
				8F0B18342BBF35DA00910CAD /* HTTP.framework */,
				8F0B18302BBF35D500910CAD /* Domain.framework */,
			);
			name = Frameworks;
			sourceTree = "<group>";
		};
		8F0B183E2BBF376200910CAD /* Requests */ = {
			isa = PBXGroup;
			children = (
				8F0B183F2BBF376900910CAD /* UserRequest.swift */,
				8F8601CC2BCD278E00EBA08C /* ReposRequest.swift */,
			);
			path = Requests;
			sourceTree = "<group>";
		};
		8F763CEC2BB6EB1100B48DB4 = {
			isa = PBXGroup;
			children = (
				8F763D342BB6EECC00B48DB4 /* Config.xcconfig */,
				8F763CF82BB6EB1100B48DB4 /* Data */,
				8F763D042BB6EB1100B48DB4 /* DataTests */,
				8F763CF72BB6EB1100B48DB4 /* Products */,
				8F0B182F2BBF35D500910CAD /* Frameworks */,
			);
			sourceTree = "<group>";
		};
		8F763CF72BB6EB1100B48DB4 /* Products */ = {
			isa = PBXGroup;
			children = (
				8F763CF62BB6EB1100B48DB4 /* Data.framework */,
				8F763D002BB6EB1100B48DB4 /* DataTests.xctest */,
			);
			name = Products;
			sourceTree = "<group>";
		};
		8F763CF82BB6EB1100B48DB4 /* Data */ = {
			isa = PBXGroup;
			children = (
				8FA3C40C2BBF2BBF003C8E58 /* Remote */,
				8FA3C40B2BBF2BBB003C8E58 /* Local */,
				8F763CF92BB6EB1100B48DB4 /* Data.h */,
				8F763CFA2BB6EB1100B48DB4 /* Data.docc */,
				8F0B183C2BBF367000910CAD /* DataModule.swift */,
			);
			path = Data;
			sourceTree = "<group>";
		};
		8F763D042BB6EB1100B48DB4 /* DataTests */ = {
			isa = PBXGroup;
			children = (
				8F763D052BB6EB1100B48DB4 /* DataTests.swift */,
			);
			path = DataTests;
			sourceTree = "<group>";
		};
		8F8601CE2BCD27B700EBA08C /* Models */ = {
			isa = PBXGroup;
			children = (
				8FA3C40D2BBF2C0E003C8E58 /* UserDTO.swift */,
				8F8601CF2BCD27C300EBA08C /* RepoDTO.swift */,
			);
			path = Models;
			sourceTree = "<group>";
		};
		8F8601D52BCD350400EBA08C /* Models */ = {
			isa = PBXGroup;
			children = (
				8FA3C4102BBF2F1A003C8E58 /* UserRealm.swift */,
				8F8601D62BCD350D00EBA08C /* RepoRealm.swift */,
				8F8601DA2BCD377200EBA08C /* OwnerRealm.swift */,
				8FA7529F2BCE95F300A15083 /* FavoriteRepoRealm.swift */,
			);
			path = Models;
			sourceTree = "<group>";
		};
		8FA3C40B2BBF2BBB003C8E58 /* Local */ = {
			isa = PBXGroup;
			children = (
				8F8601D52BCD350400EBA08C /* Models */,
				8F0B185D2BC3ED5700910CAD /* seed.realm */,
				8F0B18372BBF362B00910CAD /* GitHubUserLocalRepository.swift */,
				8F0B18572BBF438C00910CAD /* ResultsMapper.swift */,
				8F0B185F2BC3ED6C00910CAD /* RealmConfigurationProvider.swift */,
				8F8601DC2BCD3A8800EBA08C /* GitHubRepoLocalRepository.swift */,
				8FC909A92BCE9798006485D4 /* RealmRepository.swift */,
				8F78F39B2BCFC0D2006A6B04 /* FavoriteRepoLocalRepository.swift */,
			);
			path = Local;
			sourceTree = "<group>";
		};
		8FA3C40C2BBF2BBF003C8E58 /* Remote */ = {
			isa = PBXGroup;
			children = (
				8F8601CE2BCD27B700EBA08C /* Models */,
				8F0B183E2BBF376200910CAD /* Requests */,
				8F0B182D2BBF35C500910CAD /* GitHubUserRemoteRepository.swift */,
				8F0B18412BBF379E00910CAD /* GitHubEndpoint.swift */,
				8F8601CA2BCD270600EBA08C /* GitHubRepoRemoteRepository.swift */,
				8F8601D32BCD319200EBA08C /* JSONResponseMapper+GitHub.swift */,
			);
			path = Remote;
			sourceTree = "<group>";
		};
/* End PBXGroup section */

/* Begin PBXHeadersBuildPhase section */
		8F763CF12BB6EB1100B48DB4 /* Headers */ = {
			isa = PBXHeadersBuildPhase;
			buildActionMask = 2147483647;
			files = (
				8F763D072BB6EB1100B48DB4 /* Data.h in Headers */,
			);
			runOnlyForDeploymentPostprocessing = 0;
		};
/* End PBXHeadersBuildPhase section */

/* Begin PBXNativeTarget section */
		8F763CF52BB6EB1100B48DB4 /* Data */ = {
			isa = PBXNativeTarget;
			buildConfigurationList = 8F763D0A2BB6EB1100B48DB4 /* Build configuration list for PBXNativeTarget "Data" */;
			buildPhases = (
				8F763CF12BB6EB1100B48DB4 /* Headers */,
				8F763CF22BB6EB1100B48DB4 /* Sources */,
				8F763CF32BB6EB1100B48DB4 /* Frameworks */,
				8F763CF42BB6EB1100B48DB4 /* Resources */,
			);
			buildRules = (
			);
			dependencies = (
			);
			name = Data;
			packageProductDependencies = (
				8F0B183A2BBF365E00910CAD /* Container */,
				8F3ED7142BC83E48009646E4 /* Realm */,
				8F3ED7162BC83E48009646E4 /* RealmSwift */,
			);
			productName = Data;
			productReference = 8F763CF62BB6EB1100B48DB4 /* Data.framework */;
			productType = "com.apple.product-type.framework";
		};
		8F763CFF2BB6EB1100B48DB4 /* DataTests */ = {
			isa = PBXNativeTarget;
			buildConfigurationList = 8F763D0D2BB6EB1100B48DB4 /* Build configuration list for PBXNativeTarget "DataTests" */;
			buildPhases = (
				8F763CFC2BB6EB1100B48DB4 /* Sources */,
				8F763CFD2BB6EB1100B48DB4 /* Frameworks */,
				8F763CFE2BB6EB1100B48DB4 /* Resources */,
			);
			buildRules = (
			);
			dependencies = (
				8F763D032BB6EB1100B48DB4 /* PBXTargetDependency */,
			);
			name = DataTests;
			productName = DataTests;
			productReference = 8F763D002BB6EB1100B48DB4 /* DataTests.xctest */;
			productType = "com.apple.product-type.bundle.unit-test";
		};
/* End PBXNativeTarget section */

/* Begin PBXProject section */
		8F763CED2BB6EB1100B48DB4 /* Project object */ = {
			isa = PBXProject;
			attributes = {
				BuildIndependentTargetsInParallel = 1;
				LastSwiftUpdateCheck = 1530;
				LastUpgradeCheck = 1530;
				TargetAttributes = {
					8F763CF52BB6EB1100B48DB4 = {
						CreatedOnToolsVersion = 15.3;
					};
					8F763CFF2BB6EB1100B48DB4 = {
						CreatedOnToolsVersion = 15.3;
					};
				};
			};
			buildConfigurationList = 8F763CF02BB6EB1100B48DB4 /* Build configuration list for PBXProject "Data" */;
			compatibilityVersion = "Xcode 14.0";
			developmentRegion = en;
			hasScannedForEncodings = 0;
			knownRegions = (
				en,
				Base,
			);
			mainGroup = 8F763CEC2BB6EB1100B48DB4;
			packageReferences = (
				8F0B18392BBF365E00910CAD /* XCRemoteSwiftPackageReference "Container" */,
				8F3ED7132BC83E48009646E4 /* XCRemoteSwiftPackageReference "realm-swift" */,
			);
			productRefGroup = 8F763CF72BB6EB1100B48DB4 /* Products */;
			projectDirPath = "";
			projectRoot = "";
			targets = (
				8F763CF52BB6EB1100B48DB4 /* Data */,
				8F763CFF2BB6EB1100B48DB4 /* DataTests */,
			);
		};
/* End PBXProject section */

/* Begin PBXResourcesBuildPhase section */
		8F763CF42BB6EB1100B48DB4 /* Resources */ = {
			isa = PBXResourcesBuildPhase;
			buildActionMask = 2147483647;
			files = (
				8F0B185E2BC3ED5700910CAD /* seed.realm in Resources */,
				8F763D352BB6EECC00B48DB4 /* Config.xcconfig in Resources */,
			);
			runOnlyForDeploymentPostprocessing = 0;
		};
		8F763CFE2BB6EB1100B48DB4 /* Resources */ = {
			isa = PBXResourcesBuildPhase;
			buildActionMask = 2147483647;
			files = (
			);
			runOnlyForDeploymentPostprocessing = 0;
		};
/* End PBXResourcesBuildPhase section */

/* Begin PBXSourcesBuildPhase section */
		8F763CF22BB6EB1100B48DB4 /* Sources */ = {
			isa = PBXSourcesBuildPhase;
			buildActionMask = 2147483647;
			files = (
				8FA3C4112BBF2F1A003C8E58 /* UserRealm.swift in Sources */,
				8FA752A02BCE95F300A15083 /* FavoriteRepoRealm.swift in Sources */,
				8FA3C40E2BBF2C0E003C8E58 /* UserDTO.swift in Sources */,
				8F8601DD2BCD3A8800EBA08C /* GitHubRepoLocalRepository.swift in Sources */,
				8F0B18602BC3ED6C00910CAD /* RealmConfigurationProvider.swift in Sources */,
				8F8601CB2BCD270600EBA08C /* GitHubRepoRemoteRepository.swift in Sources */,
				8F78F39C2BCFC0D2006A6B04 /* FavoriteRepoLocalRepository.swift in Sources */,
				8F0B182E2BBF35C500910CAD /* GitHubUserRemoteRepository.swift in Sources */,
				8F0B18422BBF379E00910CAD /* GitHubEndpoint.swift in Sources */,
				8F8601D42BCD319200EBA08C /* JSONResponseMapper+GitHub.swift in Sources */,
				8F8601DB2BCD377200EBA08C /* OwnerRealm.swift in Sources */,
				8F763CFB2BB6EB1100B48DB4 /* Data.docc in Sources */,
				8F8601CD2BCD278E00EBA08C /* ReposRequest.swift in Sources */,
				8F0B18382BBF362B00910CAD /* GitHubUserLocalRepository.swift in Sources */,
				8FC909AA2BCE9798006485D4 /* RealmRepository.swift in Sources */,
				8F0B183D2BBF367000910CAD /* DataModule.swift in Sources */,
				8F8601D72BCD350D00EBA08C /* RepoRealm.swift in Sources */,
				8F0B18582BBF438C00910CAD /* ResultsMapper.swift in Sources */,
				8F0B18402BBF376900910CAD /* UserRequest.swift in Sources */,
				8F8601D02BCD27C300EBA08C /* RepoDTO.swift in Sources */,
			);
			runOnlyForDeploymentPostprocessing = 0;
		};
		8F763CFC2BB6EB1100B48DB4 /* Sources */ = {
			isa = PBXSourcesBuildPhase;
			buildActionMask = 2147483647;
			files = (
				8F763D062BB6EB1100B48DB4 /* DataTests.swift in Sources */,
			);
			runOnlyForDeploymentPostprocessing = 0;
		};
/* End PBXSourcesBuildPhase section */

/* Begin PBXTargetDependency section */
		8F763D032BB6EB1100B48DB4 /* PBXTargetDependency */ = {
			isa = PBXTargetDependency;
			target = 8F763CF52BB6EB1100B48DB4 /* Data */;
			targetProxy = 8F763D022BB6EB1100B48DB4 /* PBXContainerItemProxy */;
		};
/* End PBXTargetDependency section */

/* Begin XCBuildConfiguration section */
		8F763D082BB6EB1100B48DB4 /* Debug */ = {
			isa = XCBuildConfiguration;
			baseConfigurationReference = 8F763D342BB6EECC00B48DB4 /* Config.xcconfig */;
			buildSettings = {
				ALWAYS_SEARCH_USER_PATHS = NO;
				ASSETCATALOG_COMPILER_GENERATE_SWIFT_ASSET_SYMBOL_EXTENSIONS = YES;
				CLANG_ANALYZER_NONNULL = YES;
				CLANG_ANALYZER_NUMBER_OBJECT_CONVERSION = YES_AGGRESSIVE;
				CLANG_CXX_LANGUAGE_STANDARD = "gnu++20";
				CLANG_ENABLE_MODULES = YES;
				CLANG_ENABLE_OBJC_ARC = YES;
				CLANG_ENABLE_OBJC_WEAK = YES;
				CLANG_WARN_BLOCK_CAPTURE_AUTORELEASING = YES;
				CLANG_WARN_BOOL_CONVERSION = YES;
				CLANG_WARN_COMMA = YES;
				CLANG_WARN_CONSTANT_CONVERSION = YES;
				CLANG_WARN_DEPRECATED_OBJC_IMPLEMENTATIONS = YES;
				CLANG_WARN_DIRECT_OBJC_ISA_USAGE = YES_ERROR;
				CLANG_WARN_DOCUMENTATION_COMMENTS = YES;
				CLANG_WARN_EMPTY_BODY = YES;
				CLANG_WARN_ENUM_CONVERSION = YES;
				CLANG_WARN_INFINITE_RECURSION = YES;
				CLANG_WARN_INT_CONVERSION = YES;
				CLANG_WARN_NON_LITERAL_NULL_CONVERSION = YES;
				CLANG_WARN_OBJC_IMPLICIT_RETAIN_SELF = YES;
				CLANG_WARN_OBJC_LITERAL_CONVERSION = YES;
				CLANG_WARN_OBJC_ROOT_CLASS = YES_ERROR;
				CLANG_WARN_QUOTED_INCLUDE_IN_FRAMEWORK_HEADER = YES;
				CLANG_WARN_RANGE_LOOP_ANALYSIS = YES;
				CLANG_WARN_STRICT_PROTOTYPES = YES;
				CLANG_WARN_SUSPICIOUS_MOVE = YES;
				CLANG_WARN_UNGUARDED_AVAILABILITY = YES_AGGRESSIVE;
				CLANG_WARN_UNREACHABLE_CODE = YES;
				CLANG_WARN__DUPLICATE_METHOD_MATCH = YES;
				COPY_PHASE_STRIP = NO;
				CURRENT_PROJECT_VERSION = 1;
				DEBUG_INFORMATION_FORMAT = dwarf;
				ENABLE_STRICT_OBJC_MSGSEND = YES;
				ENABLE_TESTABILITY = YES;
				ENABLE_USER_SCRIPT_SANDBOXING = YES;
				GCC_C_LANGUAGE_STANDARD = gnu17;
				GCC_DYNAMIC_NO_PIC = NO;
				GCC_NO_COMMON_BLOCKS = YES;
				GCC_OPTIMIZATION_LEVEL = 0;
				GCC_PREPROCESSOR_DEFINITIONS = (
					"DEBUG=1",
					"$(inherited)",
				);
				GCC_WARN_64_TO_32_BIT_CONVERSION = YES;
				GCC_WARN_ABOUT_RETURN_TYPE = YES_ERROR;
				GCC_WARN_UNDECLARED_SELECTOR = YES;
				GCC_WARN_UNINITIALIZED_AUTOS = YES_AGGRESSIVE;
				GCC_WARN_UNUSED_FUNCTION = YES;
				GCC_WARN_UNUSED_VARIABLE = YES;
				LOCALIZATION_PREFERS_STRING_CATALOGS = YES;
				MTL_ENABLE_DEBUG_INFO = INCLUDE_SOURCE;
				MTL_FAST_MATH = YES;
				ONLY_ACTIVE_ARCH = YES;
				SDKROOT = iphoneos;
				SWIFT_ACTIVE_COMPILATION_CONDITIONS = "DEBUG $(inherited)";
				SWIFT_OPTIMIZATION_LEVEL = "-Onone";
				VERSIONING_SYSTEM = "apple-generic";
				VERSION_INFO_PREFIX = "";
			};
			name = Debug;
		};
		8F763D092BB6EB1100B48DB4 /* Release */ = {
			isa = XCBuildConfiguration;
			baseConfigurationReference = 8F763D342BB6EECC00B48DB4 /* Config.xcconfig */;
			buildSettings = {
				ALWAYS_SEARCH_USER_PATHS = NO;
				ASSETCATALOG_COMPILER_GENERATE_SWIFT_ASSET_SYMBOL_EXTENSIONS = YES;
				CLANG_ANALYZER_NONNULL = YES;
				CLANG_ANALYZER_NUMBER_OBJECT_CONVERSION = YES_AGGRESSIVE;
				CLANG_CXX_LANGUAGE_STANDARD = "gnu++20";
				CLANG_ENABLE_MODULES = YES;
				CLANG_ENABLE_OBJC_ARC = YES;
				CLANG_ENABLE_OBJC_WEAK = YES;
				CLANG_WARN_BLOCK_CAPTURE_AUTORELEASING = YES;
				CLANG_WARN_BOOL_CONVERSION = YES;
				CLANG_WARN_COMMA = YES;
				CLANG_WARN_CONSTANT_CONVERSION = YES;
				CLANG_WARN_DEPRECATED_OBJC_IMPLEMENTATIONS = YES;
				CLANG_WARN_DIRECT_OBJC_ISA_USAGE = YES_ERROR;
				CLANG_WARN_DOCUMENTATION_COMMENTS = YES;
				CLANG_WARN_EMPTY_BODY = YES;
				CLANG_WARN_ENUM_CONVERSION = YES;
				CLANG_WARN_INFINITE_RECURSION = YES;
				CLANG_WARN_INT_CONVERSION = YES;
				CLANG_WARN_NON_LITERAL_NULL_CONVERSION = YES;
				CLANG_WARN_OBJC_IMPLICIT_RETAIN_SELF = YES;
				CLANG_WARN_OBJC_LITERAL_CONVERSION = YES;
				CLANG_WARN_OBJC_ROOT_CLASS = YES_ERROR;
				CLANG_WARN_QUOTED_INCLUDE_IN_FRAMEWORK_HEADER = YES;
				CLANG_WARN_RANGE_LOOP_ANALYSIS = YES;
				CLANG_WARN_STRICT_PROTOTYPES = YES;
				CLANG_WARN_SUSPICIOUS_MOVE = YES;
				CLANG_WARN_UNGUARDED_AVAILABILITY = YES_AGGRESSIVE;
				CLANG_WARN_UNREACHABLE_CODE = YES;
				CLANG_WARN__DUPLICATE_METHOD_MATCH = YES;
				COPY_PHASE_STRIP = NO;
				CURRENT_PROJECT_VERSION = 1;
				DEBUG_INFORMATION_FORMAT = "dwarf-with-dsym";
				ENABLE_NS_ASSERTIONS = NO;
				ENABLE_STRICT_OBJC_MSGSEND = YES;
				ENABLE_USER_SCRIPT_SANDBOXING = YES;
				GCC_C_LANGUAGE_STANDARD = gnu17;
				GCC_NO_COMMON_BLOCKS = YES;
				GCC_WARN_64_TO_32_BIT_CONVERSION = YES;
				GCC_WARN_ABOUT_RETURN_TYPE = YES_ERROR;
				GCC_WARN_UNDECLARED_SELECTOR = YES;
				GCC_WARN_UNINITIALIZED_AUTOS = YES_AGGRESSIVE;
				GCC_WARN_UNUSED_FUNCTION = YES;
				GCC_WARN_UNUSED_VARIABLE = YES;
				LOCALIZATION_PREFERS_STRING_CATALOGS = YES;
				MTL_ENABLE_DEBUG_INFO = NO;
				MTL_FAST_MATH = YES;
				SDKROOT = iphoneos;
				SWIFT_COMPILATION_MODE = wholemodule;
				VALIDATE_PRODUCT = YES;
				VERSIONING_SYSTEM = "apple-generic";
				VERSION_INFO_PREFIX = "";
			};
			name = Release;
		};
		8F763D0B2BB6EB1100B48DB4 /* Debug */ = {
			isa = XCBuildConfiguration;
			buildSettings = {
				CODE_SIGN_STYLE = Automatic;
				CURRENT_PROJECT_VERSION = 1;
				DEFINES_MODULE = YES;
				DYLIB_COMPATIBILITY_VERSION = 1;
				DYLIB_CURRENT_VERSION = 1;
				DYLIB_INSTALL_NAME_BASE = "@rpath";
				ENABLE_MODULE_VERIFIER = YES;
				GENERATE_INFOPLIST_FILE = YES;
				INFOPLIST_KEY_NSHumanReadableCopyright = "";
				INSTALL_PATH = "$(LOCAL_LIBRARY_DIR)/Frameworks";
				LD_RUNPATH_SEARCH_PATHS = (
					"$(inherited)",
					"@executable_path/Frameworks",
					"@loader_path/Frameworks",
				);
				MODULE_VERIFIER_SUPPORTED_LANGUAGES = "objective-c objective-c++";
				MODULE_VERIFIER_SUPPORTED_LANGUAGE_STANDARDS = "gnu17 gnu++20";
				PRODUCT_BUNDLE_IDENTIFIER = "$(inherited).data";
				PRODUCT_NAME = "$(TARGET_NAME:c99extidentifier)";
				SKIP_INSTALL = YES;
				SWIFT_EMIT_LOC_STRINGS = YES;
				SWIFT_INSTALL_OBJC_HEADER = NO;
				TARGETED_DEVICE_FAMILY = "1,2";
			};
			name = Debug;
		};
		8F763D0C2BB6EB1100B48DB4 /* Release */ = {
			isa = XCBuildConfiguration;
			buildSettings = {
				CODE_SIGN_STYLE = Automatic;
				CURRENT_PROJECT_VERSION = 1;
				DEFINES_MODULE = YES;
				DYLIB_COMPATIBILITY_VERSION = 1;
				DYLIB_CURRENT_VERSION = 1;
				DYLIB_INSTALL_NAME_BASE = "@rpath";
				ENABLE_MODULE_VERIFIER = YES;
				GENERATE_INFOPLIST_FILE = YES;
				INFOPLIST_KEY_NSHumanReadableCopyright = "";
				INSTALL_PATH = "$(LOCAL_LIBRARY_DIR)/Frameworks";
				LD_RUNPATH_SEARCH_PATHS = (
					"$(inherited)",
					"@executable_path/Frameworks",
					"@loader_path/Frameworks",
				);
				MODULE_VERIFIER_SUPPORTED_LANGUAGES = "objective-c objective-c++";
				MODULE_VERIFIER_SUPPORTED_LANGUAGE_STANDARDS = "gnu17 gnu++20";
				PRODUCT_BUNDLE_IDENTIFIER = "$(inherited).data";
				PRODUCT_NAME = "$(TARGET_NAME:c99extidentifier)";
				SKIP_INSTALL = YES;
				SWIFT_EMIT_LOC_STRINGS = YES;
				SWIFT_INSTALL_OBJC_HEADER = NO;
				TARGETED_DEVICE_FAMILY = "1,2";
			};
			name = Release;
		};
		8F763D0E2BB6EB1100B48DB4 /* Debug */ = {
			isa = XCBuildConfiguration;
			buildSettings = {
				ALWAYS_EMBED_SWIFT_STANDARD_LIBRARIES = YES;
				CODE_SIGN_STYLE = Automatic;
				CURRENT_PROJECT_VERSION = 1;
				GENERATE_INFOPLIST_FILE = YES;
				PRODUCT_BUNDLE_IDENTIFIER = "$(inherited).dataTests";
				PRODUCT_NAME = "$(TARGET_NAME)";
				SWIFT_EMIT_LOC_STRINGS = NO;
				TARGETED_DEVICE_FAMILY = "1,2";
			};
			name = Debug;
		};
		8F763D0F2BB6EB1100B48DB4 /* Release */ = {
			isa = XCBuildConfiguration;
			buildSettings = {
				ALWAYS_EMBED_SWIFT_STANDARD_LIBRARIES = YES;
				CODE_SIGN_STYLE = Automatic;
				CURRENT_PROJECT_VERSION = 1;
				GENERATE_INFOPLIST_FILE = YES;
				PRODUCT_BUNDLE_IDENTIFIER = "$(inherited).dataTests";
				PRODUCT_NAME = "$(TARGET_NAME)";
				SWIFT_EMIT_LOC_STRINGS = NO;
				TARGETED_DEVICE_FAMILY = "1,2";
			};
			name = Release;
		};
/* End XCBuildConfiguration section */

/* Begin XCConfigurationList section */
		8F763CF02BB6EB1100B48DB4 /* Build configuration list for PBXProject "Data" */ = {
			isa = XCConfigurationList;
			buildConfigurations = (
				8F763D082BB6EB1100B48DB4 /* Debug */,
				8F763D092BB6EB1100B48DB4 /* Release */,
			);
			defaultConfigurationIsVisible = 0;
			defaultConfigurationName = Release;
		};
		8F763D0A2BB6EB1100B48DB4 /* Build configuration list for PBXNativeTarget "Data" */ = {
			isa = XCConfigurationList;
			buildConfigurations = (
				8F763D0B2BB6EB1100B48DB4 /* Debug */,
				8F763D0C2BB6EB1100B48DB4 /* Release */,
			);
			defaultConfigurationIsVisible = 0;
			defaultConfigurationName = Release;
		};
		8F763D0D2BB6EB1100B48DB4 /* Build configuration list for PBXNativeTarget "DataTests" */ = {
			isa = XCConfigurationList;
			buildConfigurations = (
				8F763D0E2BB6EB1100B48DB4 /* Debug */,
				8F763D0F2BB6EB1100B48DB4 /* Release */,
			);
			defaultConfigurationIsVisible = 0;
			defaultConfigurationName = Release;
		};
/* End XCConfigurationList section */

/* Begin XCRemoteSwiftPackageReference section */
		8F0B18392BBF365E00910CAD /* XCRemoteSwiftPackageReference "Container" */ = {
			isa = XCRemoteSwiftPackageReference;
			repositoryURL = "https://github.com/pikciu/Container.git";
			requirement = {
				kind = upToNextMajorVersion;
				minimumVersion = 1.4.0;
			};
		};
		8F3ED7132BC83E48009646E4 /* XCRemoteSwiftPackageReference "realm-swift" */ = {
			isa = XCRemoteSwiftPackageReference;
			repositoryURL = "https://github.com/pikciu/realm-swift";
			requirement = {
				branch = "issue-8427/copy_seed_file_path";
				kind = branch;
			};
		};
/* End XCRemoteSwiftPackageReference section */

/* Begin XCSwiftPackageProductDependency section */
		8F0B183A2BBF365E00910CAD /* Container */ = {
			isa = XCSwiftPackageProductDependency;
			package = 8F0B18392BBF365E00910CAD /* XCRemoteSwiftPackageReference "Container" */;
			productName = Container;
		};
		8F3ED7142BC83E48009646E4 /* Realm */ = {
			isa = XCSwiftPackageProductDependency;
			package = 8F3ED7132BC83E48009646E4 /* XCRemoteSwiftPackageReference "realm-swift" */;
			productName = Realm;
		};
		8F3ED7162BC83E48009646E4 /* RealmSwift */ = {
			isa = XCSwiftPackageProductDependency;
			package = 8F3ED7132BC83E48009646E4 /* XCRemoteSwiftPackageReference "realm-swift" */;
			productName = RealmSwift;
		};
/* End XCSwiftPackageProductDependency section */
	};
	rootObject = 8F763CED2BB6EB1100B48DB4 /* Project object */;
}
