// !$*UTF8*$!
{
	archiveVersion = 1;
	classes = {
	};
	objectVersion = 56;
	objects = {

/* Begin PBXBuildFile section */
		8F0B18262BBF347E00910CAD /* GitHubRemoteRepository.swift in Sources */ = {isa = PBXBuildFile; fileRef = 8F0B18252BBF347E00910CAD /* GitHubRemoteRepository.swift */; };
		8F0B18292BBF349A00910CAD /* GitHubLocalRepository.swift in Sources */ = {isa = PBXBuildFile; fileRef = 8F0B18282BBF349A00910CAD /* GitHubLocalRepository.swift */; };
		8F0B182C2BBF351900910CAD /* User.swift in Sources */ = {isa = PBXBuildFile; fileRef = 8F0B182B2BBF351900910CAD /* User.swift */; };
		8F0B18452BBF3AAF00910CAD /* Mapper.swift in Sources */ = {isa = PBXBuildFile; fileRef = 8F0B18442BBF3AAF00910CAD /* Mapper.swift */; };
		8F0B185A2BC3E56800910CAD /* TwoWayMapper.swift in Sources */ = {isa = PBXBuildFile; fileRef = 8F0B18592BC3E56800910CAD /* TwoWayMapper.swift */; };
		8F0B185C2BC3E79F00910CAD /* URLMapper.swift in Sources */ = {isa = PBXBuildFile; fileRef = 8F0B185B2BC3E79F00910CAD /* URLMapper.swift */; };
		8F5C76CE2BC532BC00B07ABF /* ViewModel.swift in Sources */ = {isa = PBXBuildFile; fileRef = 8F5C76CD2BC532BC00B07ABF /* ViewModel.swift */; };
		8F5C76D02BC534D000B07ABF /* DomainModule.swift in Sources */ = {isa = PBXBuildFile; fileRef = 8F5C76CF2BC534D000B07ABF /* DomainModule.swift */; };
		8F5C76D32BC536B200B07ABF /* Container in Frameworks */ = {isa = PBXBuildFile; productRef = 8F5C76D22BC536B200B07ABF /* Container */; };
		8F5C76DF2BC53B7C00B07ABF /* PublisherExtensions.swift in Sources */ = {isa = PBXBuildFile; fileRef = 8F5C76DE2BC53B7C00B07ABF /* PublisherExtensions.swift */; };
		8F5C76E12BC53EE700B07ABF /* UsersSnapshot.swift in Sources */ = {isa = PBXBuildFile; fileRef = 8F5C76E02BC53EE700B07ABF /* UsersSnapshot.swift */; };
		8F5C76E32BC53F0400B07ABF /* UsersProvider.swift in Sources */ = {isa = PBXBuildFile; fileRef = 8F5C76E22BC53F0400B07ABF /* UsersProvider.swift */; };
		8F5C76EA2BC544C500B07ABF /* Configurable.swift in Sources */ = {isa = PBXBuildFile; fileRef = 8F5C76E92BC544C500B07ABF /* Configurable.swift */; };
		8F763CD72BB6EAFE00B48DB4 /* Domain.docc in Sources */ = {isa = PBXBuildFile; fileRef = 8F763CD62BB6EAFE00B48DB4 /* Domain.docc */; };
		8F763CDD2BB6EAFE00B48DB4 /* Domain.framework in Frameworks */ = {isa = PBXBuildFile; fileRef = 8F763CD22BB6EAFE00B48DB4 /* Domain.framework */; };
		8F763CE22BB6EAFE00B48DB4 /* DomainTests.swift in Sources */ = {isa = PBXBuildFile; fileRef = 8F763CE12BB6EAFE00B48DB4 /* DomainTests.swift */; };
		8F763CE32BB6EAFE00B48DB4 /* Domain.h in Headers */ = {isa = PBXBuildFile; fileRef = 8F763CD52BB6EAFE00B48DB4 /* Domain.h */; settings = {ATTRIBUTES = (Public, ); }; };
		8F763D372BB6EED900B48DB4 /* Config.xcconfig in Resources */ = {isa = PBXBuildFile; fileRef = 8F763D362BB6EED900B48DB4 /* Config.xcconfig */; };
		8F897B9D2BC3FDD2001903E5 /* UsersViewModel.swift in Sources */ = {isa = PBXBuildFile; fileRef = 8F897B9C2BC3FDD2001903E5 /* UsersViewModel.swift */; };
		8F897B9F2BC3FDE6001903E5 /* UsersFlowController.swift in Sources */ = {isa = PBXBuildFile; fileRef = 8F897B9E2BC3FDE6001903E5 /* UsersFlowController.swift */; };
		8FD4F1A12BC6A957009A5BC1 /* AddUserViewModel.swift in Sources */ = {isa = PBXBuildFile; fileRef = 8FD4F1A02BC6A957009A5BC1 /* AddUserViewModel.swift */; };
		8FD4F1A72BC6B455009A5BC1 /* Combine+WithLatestFrom.swift in Sources */ = {isa = PBXBuildFile; fileRef = 8FD4F1A62BC6B455009A5BC1 /* Combine+WithLatestFrom.swift */; };
		8FD4F1AD2BC6B6FA009A5BC1 /* UserCreator.swift in Sources */ = {isa = PBXBuildFile; fileRef = 8FD4F1AC2BC6B6FA009A5BC1 /* UserCreator.swift */; };
		8FD4F1AF2BC6CBE0009A5BC1 /* UserRemover.swift in Sources */ = {isa = PBXBuildFile; fileRef = 8FD4F1AE2BC6CBE0009A5BC1 /* UserRemover.swift */; };
/* End PBXBuildFile section */

/* Begin PBXContainerItemProxy section */
		8F763CDE2BB6EAFE00B48DB4 /* PBXContainerItemProxy */ = {
			isa = PBXContainerItemProxy;
			containerPortal = 8F763CC92BB6EAFE00B48DB4 /* Project object */;
			proxyType = 1;
			remoteGlobalIDString = 8F763CD12BB6EAFE00B48DB4;
			remoteInfo = Domain;
		};
/* End PBXContainerItemProxy section */

/* Begin PBXFileReference section */
		8F0B18252BBF347E00910CAD /* GitHubRemoteRepository.swift */ = {isa = PBXFileReference; lastKnownFileType = sourcecode.swift; path = GitHubRemoteRepository.swift; sourceTree = "<group>"; };
		8F0B18282BBF349A00910CAD /* GitHubLocalRepository.swift */ = {isa = PBXFileReference; lastKnownFileType = sourcecode.swift; path = GitHubLocalRepository.swift; sourceTree = "<group>"; };
		8F0B182B2BBF351900910CAD /* User.swift */ = {isa = PBXFileReference; lastKnownFileType = sourcecode.swift; path = User.swift; sourceTree = "<group>"; };
		8F0B18442BBF3AAF00910CAD /* Mapper.swift */ = {isa = PBXFileReference; lastKnownFileType = sourcecode.swift; path = Mapper.swift; sourceTree = "<group>"; };
		8F0B18592BC3E56800910CAD /* TwoWayMapper.swift */ = {isa = PBXFileReference; lastKnownFileType = sourcecode.swift; path = TwoWayMapper.swift; sourceTree = "<group>"; };
		8F0B185B2BC3E79F00910CAD /* URLMapper.swift */ = {isa = PBXFileReference; lastKnownFileType = sourcecode.swift; path = URLMapper.swift; sourceTree = "<group>"; };
		8F5C76CD2BC532BC00B07ABF /* ViewModel.swift */ = {isa = PBXFileReference; lastKnownFileType = sourcecode.swift; path = ViewModel.swift; sourceTree = "<group>"; };
		8F5C76CF2BC534D000B07ABF /* DomainModule.swift */ = {isa = PBXFileReference; lastKnownFileType = sourcecode.swift; path = DomainModule.swift; sourceTree = "<group>"; };
		8F5C76DE2BC53B7C00B07ABF /* PublisherExtensions.swift */ = {isa = PBXFileReference; lastKnownFileType = sourcecode.swift; path = PublisherExtensions.swift; sourceTree = "<group>"; };
		8F5C76E02BC53EE700B07ABF /* UsersSnapshot.swift */ = {isa = PBXFileReference; lastKnownFileType = sourcecode.swift; path = UsersSnapshot.swift; sourceTree = "<group>"; };
		8F5C76E22BC53F0400B07ABF /* UsersProvider.swift */ = {isa = PBXFileReference; lastKnownFileType = sourcecode.swift; path = UsersProvider.swift; sourceTree = "<group>"; };
		8F5C76E92BC544C500B07ABF /* Configurable.swift */ = {isa = PBXFileReference; lastKnownFileType = sourcecode.swift; path = Configurable.swift; sourceTree = "<group>"; };
		8F763CD22BB6EAFE00B48DB4 /* Domain.framework */ = {isa = PBXFileReference; explicitFileType = wrapper.framework; includeInIndex = 0; path = Domain.framework; sourceTree = BUILT_PRODUCTS_DIR; };
		8F763CD52BB6EAFE00B48DB4 /* Domain.h */ = {isa = PBXFileReference; lastKnownFileType = sourcecode.c.h; path = Domain.h; sourceTree = "<group>"; };
		8F763CD62BB6EAFE00B48DB4 /* Domain.docc */ = {isa = PBXFileReference; lastKnownFileType = folder.documentationcatalog; path = Domain.docc; sourceTree = "<group>"; };
		8F763CDC2BB6EAFE00B48DB4 /* DomainTests.xctest */ = {isa = PBXFileReference; explicitFileType = wrapper.cfbundle; includeInIndex = 0; path = DomainTests.xctest; sourceTree = BUILT_PRODUCTS_DIR; };
		8F763CE12BB6EAFE00B48DB4 /* DomainTests.swift */ = {isa = PBXFileReference; lastKnownFileType = sourcecode.swift; path = DomainTests.swift; sourceTree = "<group>"; };
		8F763D362BB6EED900B48DB4 /* Config.xcconfig */ = {isa = PBXFileReference; fileEncoding = 4; lastKnownFileType = text.xcconfig; name = Config.xcconfig; path = ../Config.xcconfig; sourceTree = "<group>"; };
		8F897B9C2BC3FDD2001903E5 /* UsersViewModel.swift */ = {isa = PBXFileReference; lastKnownFileType = sourcecode.swift; path = UsersViewModel.swift; sourceTree = "<group>"; };
		8F897B9E2BC3FDE6001903E5 /* UsersFlowController.swift */ = {isa = PBXFileReference; lastKnownFileType = sourcecode.swift; path = UsersFlowController.swift; sourceTree = "<group>"; };
		8FD4F1A02BC6A957009A5BC1 /* AddUserViewModel.swift */ = {isa = PBXFileReference; lastKnownFileType = sourcecode.swift; path = AddUserViewModel.swift; sourceTree = "<group>"; };
		8FD4F1A62BC6B455009A5BC1 /* Combine+WithLatestFrom.swift */ = {isa = PBXFileReference; lastKnownFileType = sourcecode.swift; path = "Combine+WithLatestFrom.swift"; sourceTree = "<group>"; };
		8FD4F1AC2BC6B6FA009A5BC1 /* UserCreator.swift */ = {isa = PBXFileReference; lastKnownFileType = sourcecode.swift; path = UserCreator.swift; sourceTree = "<group>"; };
		8FD4F1AE2BC6CBE0009A5BC1 /* UserRemover.swift */ = {isa = PBXFileReference; lastKnownFileType = sourcecode.swift; path = UserRemover.swift; sourceTree = "<group>"; };
/* End PBXFileReference section */

/* Begin PBXFrameworksBuildPhase section */
		8F763CCF2BB6EAFE00B48DB4 /* Frameworks */ = {
			isa = PBXFrameworksBuildPhase;
			buildActionMask = 2147483647;
			files = (
				8F5C76D32BC536B200B07ABF /* Container in Frameworks */,
			);
			runOnlyForDeploymentPostprocessing = 0;
		};
		8F763CD92BB6EAFE00B48DB4 /* Frameworks */ = {
			isa = PBXFrameworksBuildPhase;
			buildActionMask = 2147483647;
			files = (
				8F763CDD2BB6EAFE00B48DB4 /* Domain.framework in Frameworks */,
			);
			runOnlyForDeploymentPostprocessing = 0;
		};
/* End PBXFrameworksBuildPhase section */

/* Begin PBXGroup section */
		8F0B18272BBF348900910CAD /* Repositories */ = {
			isa = PBXGroup;
			children = (
				8F0B18252BBF347E00910CAD /* GitHubRemoteRepository.swift */,
				8F0B18282BBF349A00910CAD /* GitHubLocalRepository.swift */,
			);
			path = Repositories;
			sourceTree = "<group>";
		};
		8F0B182A2BBF351400910CAD /* Models */ = {
			isa = PBXGroup;
			children = (
				8F0B182B2BBF351900910CAD /* User.swift */,
			);
			path = Models;
			sourceTree = "<group>";
		};
		8F0B18432BBF3AA800910CAD /* Utils */ = {
			isa = PBXGroup;
			children = (
				8F0B18442BBF3AAF00910CAD /* Mapper.swift */,
				8F0B18592BC3E56800910CAD /* TwoWayMapper.swift */,
				8F0B185B2BC3E79F00910CAD /* URLMapper.swift */,
				8F5C76E92BC544C500B07ABF /* Configurable.swift */,
			);
			path = Utils;
			sourceTree = "<group>";
		};
		8F5C76CC2BC405BF00B07ABF /* Users */ = {
			isa = PBXGroup;
			children = (
				8F897B9C2BC3FDD2001903E5 /* UsersViewModel.swift */,
				8F897B9E2BC3FDE6001903E5 /* UsersFlowController.swift */,
				8F5C76E02BC53EE700B07ABF /* UsersSnapshot.swift */,
				8FD4F1A02BC6A957009A5BC1 /* AddUserViewModel.swift */,
			);
			path = Users;
			sourceTree = "<group>";
		};
		8F5C76DD2BC53B6500B07ABF /* Extensions */ = {
			isa = PBXGroup;
			children = (
				8F5C76DE2BC53B7C00B07ABF /* PublisherExtensions.swift */,
				8FD4F1A62BC6B455009A5BC1 /* Combine+WithLatestFrom.swift */,
			);
			path = Extensions;
			sourceTree = "<group>";
		};
		8F763CC82BB6EAFE00B48DB4 = {
			isa = PBXGroup;
			children = (
				8F763D362BB6EED900B48DB4 /* Config.xcconfig */,
				8F763CD42BB6EAFE00B48DB4 /* Domain */,
				8F763CE02BB6EAFE00B48DB4 /* DomainTests */,
				8F763CD32BB6EAFE00B48DB4 /* Products */,
			);
			sourceTree = "<group>";
		};
		8F763CD32BB6EAFE00B48DB4 /* Products */ = {
			isa = PBXGroup;
			children = (
				8F763CD22BB6EAFE00B48DB4 /* Domain.framework */,
				8F763CDC2BB6EAFE00B48DB4 /* DomainTests.xctest */,
			);
			name = Products;
			sourceTree = "<group>";
		};
		8F763CD42BB6EAFE00B48DB4 /* Domain */ = {
			isa = PBXGroup;
			children = (
				8FD4F1A92BC6B6C0009A5BC1 /* Providers */,
				8F5C76DD2BC53B6500B07ABF /* Extensions */,
				8F897B9B2BC3FDC0001903E5 /* Views */,
				8F0B18432BBF3AA800910CAD /* Utils */,
				8F0B182A2BBF351400910CAD /* Models */,
				8F0B18272BBF348900910CAD /* Repositories */,
				8F763CD52BB6EAFE00B48DB4 /* Domain.h */,
				8F763CD62BB6EAFE00B48DB4 /* Domain.docc */,
				8F5C76CF2BC534D000B07ABF /* DomainModule.swift */,
			);
			path = Domain;
			sourceTree = "<group>";
		};
		8F763CE02BB6EAFE00B48DB4 /* DomainTests */ = {
			isa = PBXGroup;
			children = (
				8F763CE12BB6EAFE00B48DB4 /* DomainTests.swift */,
			);
			path = DomainTests;
			sourceTree = "<group>";
		};
		8F897B9B2BC3FDC0001903E5 /* Views */ = {
			isa = PBXGroup;
			children = (
				8F5C76CC2BC405BF00B07ABF /* Users */,
				8F5C76CD2BC532BC00B07ABF /* ViewModel.swift */,
			);
			path = Views;
			sourceTree = "<group>";
		};
		8FD4F1A92BC6B6C0009A5BC1 /* Providers */ = {
			isa = PBXGroup;
			children = (
				8F5C76E22BC53F0400B07ABF /* UsersProvider.swift */,
				8FD4F1AC2BC6B6FA009A5BC1 /* UserCreator.swift */,
				8FD4F1AE2BC6CBE0009A5BC1 /* UserRemover.swift */,
			);
			path = Providers;
			sourceTree = "<group>";
		};
/* End PBXGroup section */

/* Begin PBXHeadersBuildPhase section */
		8F763CCD2BB6EAFE00B48DB4 /* Headers */ = {
			isa = PBXHeadersBuildPhase;
			buildActionMask = 2147483647;
			files = (
				8F763CE32BB6EAFE00B48DB4 /* Domain.h in Headers */,
			);
			runOnlyForDeploymentPostprocessing = 0;
		};
/* End PBXHeadersBuildPhase section */

/* Begin PBXNativeTarget section */
		8F763CD12BB6EAFE00B48DB4 /* Domain */ = {
			isa = PBXNativeTarget;
			buildConfigurationList = 8F763CE62BB6EAFE00B48DB4 /* Build configuration list for PBXNativeTarget "Domain" */;
			buildPhases = (
				8F763CCD2BB6EAFE00B48DB4 /* Headers */,
				8F763CCE2BB6EAFE00B48DB4 /* Sources */,
				8F763CCF2BB6EAFE00B48DB4 /* Frameworks */,
				8F763CD02BB6EAFE00B48DB4 /* Resources */,
			);
			buildRules = (
			);
			dependencies = (
			);
			name = Domain;
			packageProductDependencies = (
				8F5C76D22BC536B200B07ABF /* Container */,
			);
			productName = Domain;
			productReference = 8F763CD22BB6EAFE00B48DB4 /* Domain.framework */;
			productType = "com.apple.product-type.framework";
		};
		8F763CDB2BB6EAFE00B48DB4 /* DomainTests */ = {
			isa = PBXNativeTarget;
			buildConfigurationList = 8F763CE92BB6EAFE00B48DB4 /* Build configuration list for PBXNativeTarget "DomainTests" */;
			buildPhases = (
				8F763CD82BB6EAFE00B48DB4 /* Sources */,
				8F763CD92BB6EAFE00B48DB4 /* Frameworks */,
				8F763CDA2BB6EAFE00B48DB4 /* Resources */,
			);
			buildRules = (
			);
			dependencies = (
				8F763CDF2BB6EAFE00B48DB4 /* PBXTargetDependency */,
			);
			name = DomainTests;
			productName = DomainTests;
			productReference = 8F763CDC2BB6EAFE00B48DB4 /* DomainTests.xctest */;
			productType = "com.apple.product-type.bundle.unit-test";
		};
/* End PBXNativeTarget section */

/* Begin PBXProject section */
		8F763CC92BB6EAFE00B48DB4 /* Project object */ = {
			isa = PBXProject;
			attributes = {
				BuildIndependentTargetsInParallel = 1;
				LastSwiftUpdateCheck = 1530;
				LastUpgradeCheck = 1530;
				TargetAttributes = {
					8F763CD12BB6EAFE00B48DB4 = {
						CreatedOnToolsVersion = 15.3;
					};
					8F763CDB2BB6EAFE00B48DB4 = {
						CreatedOnToolsVersion = 15.3;
					};
				};
			};
			buildConfigurationList = 8F763CCC2BB6EAFE00B48DB4 /* Build configuration list for PBXProject "Domain" */;
			compatibilityVersion = "Xcode 14.0";
			developmentRegion = en;
			hasScannedForEncodings = 0;
			knownRegions = (
				en,
				Base,
			);
			mainGroup = 8F763CC82BB6EAFE00B48DB4;
			packageReferences = (
				8F5C76D12BC536B200B07ABF /* XCRemoteSwiftPackageReference "Container" */,
			);
			productRefGroup = 8F763CD32BB6EAFE00B48DB4 /* Products */;
			projectDirPath = "";
			projectRoot = "";
			targets = (
				8F763CD12BB6EAFE00B48DB4 /* Domain */,
				8F763CDB2BB6EAFE00B48DB4 /* DomainTests */,
			);
		};
/* End PBXProject section */

/* Begin PBXResourcesBuildPhase section */
		8F763CD02BB6EAFE00B48DB4 /* Resources */ = {
			isa = PBXResourcesBuildPhase;
			buildActionMask = 2147483647;
			files = (
				8F763D372BB6EED900B48DB4 /* Config.xcconfig in Resources */,
			);
			runOnlyForDeploymentPostprocessing = 0;
		};
		8F763CDA2BB6EAFE00B48DB4 /* Resources */ = {
			isa = PBXResourcesBuildPhase;
			buildActionMask = 2147483647;
			files = (
			);
			runOnlyForDeploymentPostprocessing = 0;
		};
/* End PBXResourcesBuildPhase section */

/* Begin PBXSourcesBuildPhase section */
		8F763CCE2BB6EAFE00B48DB4 /* Sources */ = {
			isa = PBXSourcesBuildPhase;
			buildActionMask = 2147483647;
			files = (
				8F5C76EA2BC544C500B07ABF /* Configurable.swift in Sources */,
				8F5C76CE2BC532BC00B07ABF /* ViewModel.swift in Sources */,
				8F5C76E32BC53F0400B07ABF /* UsersProvider.swift in Sources */,
				8F0B182C2BBF351900910CAD /* User.swift in Sources */,
				8F5C76DF2BC53B7C00B07ABF /* PublisherExtensions.swift in Sources */,
				8FD4F1A12BC6A957009A5BC1 /* AddUserViewModel.swift in Sources */,
				8FD4F1AF2BC6CBE0009A5BC1 /* UserRemover.swift in Sources */,
				8FD4F1AD2BC6B6FA009A5BC1 /* UserCreator.swift in Sources */,
				8FD4F1A72BC6B455009A5BC1 /* Combine+WithLatestFrom.swift in Sources */,
				8F0B18292BBF349A00910CAD /* GitHubLocalRepository.swift in Sources */,
				8F0B18262BBF347E00910CAD /* GitHubRemoteRepository.swift in Sources */,
				8F5C76E12BC53EE700B07ABF /* UsersSnapshot.swift in Sources */,
				8F0B185A2BC3E56800910CAD /* TwoWayMapper.swift in Sources */,
				8F763CD72BB6EAFE00B48DB4 /* Domain.docc in Sources */,
				8F897B9F2BC3FDE6001903E5 /* UsersFlowController.swift in Sources */,
				8F897B9D2BC3FDD2001903E5 /* UsersViewModel.swift in Sources */,
				8F0B185C2BC3E79F00910CAD /* URLMapper.swift in Sources */,
				8F5C76D02BC534D000B07ABF /* DomainModule.swift in Sources */,
				8F0B18452BBF3AAF00910CAD /* Mapper.swift in Sources */,
			);
			runOnlyForDeploymentPostprocessing = 0;
		};
		8F763CD82BB6EAFE00B48DB4 /* Sources */ = {
			isa = PBXSourcesBuildPhase;
			buildActionMask = 2147483647;
			files = (
				8F763CE22BB6EAFE00B48DB4 /* DomainTests.swift in Sources */,
			);
			runOnlyForDeploymentPostprocessing = 0;
		};
/* End PBXSourcesBuildPhase section */

/* Begin PBXTargetDependency section */
		8F763CDF2BB6EAFE00B48DB4 /* PBXTargetDependency */ = {
			isa = PBXTargetDependency;
			target = 8F763CD12BB6EAFE00B48DB4 /* Domain */;
			targetProxy = 8F763CDE2BB6EAFE00B48DB4 /* PBXContainerItemProxy */;
		};
/* End PBXTargetDependency section */

/* Begin XCBuildConfiguration section */
		8F763CE42BB6EAFE00B48DB4 /* Debug */ = {
			isa = XCBuildConfiguration;
			baseConfigurationReference = 8F763D362BB6EED900B48DB4 /* Config.xcconfig */;
			buildSettings = {
				ALWAYS_SEARCH_USER_PATHS = NO;
				ASSETCATALOG_COMPILER_GENERATE_SWIFT_ASSET_SYMBOL_EXTENSIONS = YES;
				CLANG_ANALYZER_NONNULL = YES;
				CLANG_ANALYZER_NUMBER_OBJECT_CONVERSION = YES_AGGRESSIVE;
				CLANG_CXX_LANGUAGE_STANDARD = "gnu++20";
				CLANG_ENABLE_MODULES = YES;
				CLANG_ENABLE_OBJC_ARC = YES;
				CLANG_ENABLE_OBJC_WEAK = YES;
				CLANG_WARN_BLOCK_CAPTURE_AUTORELEASING = YES;
				CLANG_WARN_BOOL_CONVERSION = YES;
				CLANG_WARN_COMMA = YES;
				CLANG_WARN_CONSTANT_CONVERSION = YES;
				CLANG_WARN_DEPRECATED_OBJC_IMPLEMENTATIONS = YES;
				CLANG_WARN_DIRECT_OBJC_ISA_USAGE = YES_ERROR;
				CLANG_WARN_DOCUMENTATION_COMMENTS = YES;
				CLANG_WARN_EMPTY_BODY = YES;
				CLANG_WARN_ENUM_CONVERSION = YES;
				CLANG_WARN_INFINITE_RECURSION = YES;
				CLANG_WARN_INT_CONVERSION = YES;
				CLANG_WARN_NON_LITERAL_NULL_CONVERSION = YES;
				CLANG_WARN_OBJC_IMPLICIT_RETAIN_SELF = YES;
				CLANG_WARN_OBJC_LITERAL_CONVERSION = YES;
				CLANG_WARN_OBJC_ROOT_CLASS = YES_ERROR;
				CLANG_WARN_QUOTED_INCLUDE_IN_FRAMEWORK_HEADER = YES;
				CLANG_WARN_RANGE_LOOP_ANALYSIS = YES;
				CLANG_WARN_STRICT_PROTOTYPES = YES;
				CLANG_WARN_SUSPICIOUS_MOVE = YES;
				CLANG_WARN_UNGUARDED_AVAILABILITY = YES_AGGRESSIVE;
				CLANG_WARN_UNREACHABLE_CODE = YES;
				CLANG_WARN__DUPLICATE_METHOD_MATCH = YES;
				COPY_PHASE_STRIP = NO;
				CURRENT_PROJECT_VERSION = 1;
				DEBUG_INFORMATION_FORMAT = dwarf;
				ENABLE_STRICT_OBJC_MSGSEND = YES;
				ENABLE_TESTABILITY = YES;
				ENABLE_USER_SCRIPT_SANDBOXING = YES;
				GCC_C_LANGUAGE_STANDARD = gnu17;
				GCC_DYNAMIC_NO_PIC = NO;
				GCC_NO_COMMON_BLOCKS = YES;
				GCC_OPTIMIZATION_LEVEL = 0;
				GCC_PREPROCESSOR_DEFINITIONS = (
					"DEBUG=1",
					"$(inherited)",
				);
				GCC_WARN_64_TO_32_BIT_CONVERSION = YES;
				GCC_WARN_ABOUT_RETURN_TYPE = YES_ERROR;
				GCC_WARN_UNDECLARED_SELECTOR = YES;
				GCC_WARN_UNINITIALIZED_AUTOS = YES_AGGRESSIVE;
				GCC_WARN_UNUSED_FUNCTION = YES;
				GCC_WARN_UNUSED_VARIABLE = YES;
				LOCALIZATION_PREFERS_STRING_CATALOGS = YES;
				MTL_ENABLE_DEBUG_INFO = INCLUDE_SOURCE;
				MTL_FAST_MATH = YES;
				ONLY_ACTIVE_ARCH = YES;
				SDKROOT = iphoneos;
				SWIFT_ACTIVE_COMPILATION_CONDITIONS = "DEBUG $(inherited)";
				SWIFT_OPTIMIZATION_LEVEL = "-Onone";
				VERSIONING_SYSTEM = "apple-generic";
				VERSION_INFO_PREFIX = "";
			};
			name = Debug;
		};
		8F763CE52BB6EAFE00B48DB4 /* Release */ = {
			isa = XCBuildConfiguration;
			baseConfigurationReference = 8F763D362BB6EED900B48DB4 /* Config.xcconfig */;
			buildSettings = {
				ALWAYS_SEARCH_USER_PATHS = NO;
				ASSETCATALOG_COMPILER_GENERATE_SWIFT_ASSET_SYMBOL_EXTENSIONS = YES;
				CLANG_ANALYZER_NONNULL = YES;
				CLANG_ANALYZER_NUMBER_OBJECT_CONVERSION = YES_AGGRESSIVE;
				CLANG_CXX_LANGUAGE_STANDARD = "gnu++20";
				CLANG_ENABLE_MODULES = YES;
				CLANG_ENABLE_OBJC_ARC = YES;
				CLANG_ENABLE_OBJC_WEAK = YES;
				CLANG_WARN_BLOCK_CAPTURE_AUTORELEASING = YES;
				CLANG_WARN_BOOL_CONVERSION = YES;
				CLANG_WARN_COMMA = YES;
				CLANG_WARN_CONSTANT_CONVERSION = YES;
				CLANG_WARN_DEPRECATED_OBJC_IMPLEMENTATIONS = YES;
				CLANG_WARN_DIRECT_OBJC_ISA_USAGE = YES_ERROR;
				CLANG_WARN_DOCUMENTATION_COMMENTS = YES;
				CLANG_WARN_EMPTY_BODY = YES;
				CLANG_WARN_ENUM_CONVERSION = YES;
				CLANG_WARN_INFINITE_RECURSION = YES;
				CLANG_WARN_INT_CONVERSION = YES;
				CLANG_WARN_NON_LITERAL_NULL_CONVERSION = YES;
				CLANG_WARN_OBJC_IMPLICIT_RETAIN_SELF = YES;
				CLANG_WARN_OBJC_LITERAL_CONVERSION = YES;
				CLANG_WARN_OBJC_ROOT_CLASS = YES_ERROR;
				CLANG_WARN_QUOTED_INCLUDE_IN_FRAMEWORK_HEADER = YES;
				CLANG_WARN_RANGE_LOOP_ANALYSIS = YES;
				CLANG_WARN_STRICT_PROTOTYPES = YES;
				CLANG_WARN_SUSPICIOUS_MOVE = YES;
				CLANG_WARN_UNGUARDED_AVAILABILITY = YES_AGGRESSIVE;
				CLANG_WARN_UNREACHABLE_CODE = YES;
				CLANG_WARN__DUPLICATE_METHOD_MATCH = YES;
				COPY_PHASE_STRIP = NO;
				CURRENT_PROJECT_VERSION = 1;
				DEBUG_INFORMATION_FORMAT = "dwarf-with-dsym";
				ENABLE_NS_ASSERTIONS = NO;
				ENABLE_STRICT_OBJC_MSGSEND = YES;
				ENABLE_USER_SCRIPT_SANDBOXING = YES;
				GCC_C_LANGUAGE_STANDARD = gnu17;
				GCC_NO_COMMON_BLOCKS = YES;
				GCC_WARN_64_TO_32_BIT_CONVERSION = YES;
				GCC_WARN_ABOUT_RETURN_TYPE = YES_ERROR;
				GCC_WARN_UNDECLARED_SELECTOR = YES;
				GCC_WARN_UNINITIALIZED_AUTOS = YES_AGGRESSIVE;
				GCC_WARN_UNUSED_FUNCTION = YES;
				GCC_WARN_UNUSED_VARIABLE = YES;
				LOCALIZATION_PREFERS_STRING_CATALOGS = YES;
				MTL_ENABLE_DEBUG_INFO = NO;
				MTL_FAST_MATH = YES;
				SDKROOT = iphoneos;
				SWIFT_COMPILATION_MODE = wholemodule;
				VALIDATE_PRODUCT = YES;
				VERSIONING_SYSTEM = "apple-generic";
				VERSION_INFO_PREFIX = "";
			};
			name = Release;
		};
		8F763CE72BB6EAFE00B48DB4 /* Debug */ = {
			isa = XCBuildConfiguration;
			buildSettings = {
				CODE_SIGN_STYLE = Automatic;
				CURRENT_PROJECT_VERSION = 1;
				DEFINES_MODULE = YES;
				DYLIB_COMPATIBILITY_VERSION = 1;
				DYLIB_CURRENT_VERSION = 1;
				DYLIB_INSTALL_NAME_BASE = "@rpath";
				ENABLE_MODULE_VERIFIER = YES;
				GENERATE_INFOPLIST_FILE = YES;
				INFOPLIST_KEY_NSHumanReadableCopyright = "";
				INSTALL_PATH = "$(LOCAL_LIBRARY_DIR)/Frameworks";
				LD_RUNPATH_SEARCH_PATHS = (
					"$(inherited)",
					"@executable_path/Frameworks",
					"@loader_path/Frameworks",
				);
				MODULE_VERIFIER_SUPPORTED_LANGUAGES = "objective-c objective-c++";
				MODULE_VERIFIER_SUPPORTED_LANGUAGE_STANDARDS = "gnu17 gnu++20";
				PRODUCT_BUNDLE_IDENTIFIER = "$(inherited).domain";
				PRODUCT_NAME = "$(TARGET_NAME:c99extidentifier)";
				SKIP_INSTALL = YES;
				SWIFT_EMIT_LOC_STRINGS = YES;
				SWIFT_INSTALL_OBJC_HEADER = NO;
				TARGETED_DEVICE_FAMILY = "1,2";
			};
			name = Debug;
		};
		8F763CE82BB6EAFE00B48DB4 /* Release */ = {
			isa = XCBuildConfiguration;
			buildSettings = {
				CODE_SIGN_STYLE = Automatic;
				CURRENT_PROJECT_VERSION = 1;
				DEFINES_MODULE = YES;
				DYLIB_COMPATIBILITY_VERSION = 1;
				DYLIB_CURRENT_VERSION = 1;
				DYLIB_INSTALL_NAME_BASE = "@rpath";
				ENABLE_MODULE_VERIFIER = YES;
				GENERATE_INFOPLIST_FILE = YES;
				INFOPLIST_KEY_NSHumanReadableCopyright = "";
				INSTALL_PATH = "$(LOCAL_LIBRARY_DIR)/Frameworks";
				LD_RUNPATH_SEARCH_PATHS = (
					"$(inherited)",
					"@executable_path/Frameworks",
					"@loader_path/Frameworks",
				);
				MODULE_VERIFIER_SUPPORTED_LANGUAGES = "objective-c objective-c++";
				MODULE_VERIFIER_SUPPORTED_LANGUAGE_STANDARDS = "gnu17 gnu++20";
				PRODUCT_BUNDLE_IDENTIFIER = "$(inherited).domain";
				PRODUCT_NAME = "$(TARGET_NAME:c99extidentifier)";
				SKIP_INSTALL = YES;
				SWIFT_EMIT_LOC_STRINGS = YES;
				SWIFT_INSTALL_OBJC_HEADER = NO;
				TARGETED_DEVICE_FAMILY = "1,2";
			};
			name = Release;
		};
		8F763CEA2BB6EAFE00B48DB4 /* Debug */ = {
			isa = XCBuildConfiguration;
			buildSettings = {
				ALWAYS_EMBED_SWIFT_STANDARD_LIBRARIES = YES;
				CODE_SIGN_STYLE = Automatic;
				CURRENT_PROJECT_VERSION = 1;
				GENERATE_INFOPLIST_FILE = YES;
				PRODUCT_BUNDLE_IDENTIFIER = "$(inherited).domainTests";
				PRODUCT_NAME = "$(TARGET_NAME)";
				SWIFT_EMIT_LOC_STRINGS = NO;
				TARGETED_DEVICE_FAMILY = "1,2";
			};
			name = Debug;
		};
		8F763CEB2BB6EAFE00B48DB4 /* Release */ = {
			isa = XCBuildConfiguration;
			buildSettings = {
				ALWAYS_EMBED_SWIFT_STANDARD_LIBRARIES = YES;
				CODE_SIGN_STYLE = Automatic;
				CURRENT_PROJECT_VERSION = 1;
				GENERATE_INFOPLIST_FILE = YES;
				PRODUCT_BUNDLE_IDENTIFIER = "$(inherited).domainTests";
				PRODUCT_NAME = "$(TARGET_NAME)";
				SWIFT_EMIT_LOC_STRINGS = NO;
				TARGETED_DEVICE_FAMILY = "1,2";
			};
			name = Release;
		};
/* End XCBuildConfiguration section */

/* Begin XCConfigurationList section */
		8F763CCC2BB6EAFE00B48DB4 /* Build configuration list for PBXProject "Domain" */ = {
			isa = XCConfigurationList;
			buildConfigurations = (
				8F763CE42BB6EAFE00B48DB4 /* Debug */,
				8F763CE52BB6EAFE00B48DB4 /* Release */,
			);
			defaultConfigurationIsVisible = 0;
			defaultConfigurationName = Release;
		};
		8F763CE62BB6EAFE00B48DB4 /* Build configuration list for PBXNativeTarget "Domain" */ = {
			isa = XCConfigurationList;
			buildConfigurations = (
				8F763CE72BB6EAFE00B48DB4 /* Debug */,
				8F763CE82BB6EAFE00B48DB4 /* Release */,
			);
			defaultConfigurationIsVisible = 0;
			defaultConfigurationName = Release;
		};
		8F763CE92BB6EAFE00B48DB4 /* Build configuration list for PBXNativeTarget "DomainTests" */ = {
			isa = XCConfigurationList;
			buildConfigurations = (
				8F763CEA2BB6EAFE00B48DB4 /* Debug */,
				8F763CEB2BB6EAFE00B48DB4 /* Release */,
			);
			defaultConfigurationIsVisible = 0;
			defaultConfigurationName = Release;
		};
/* End XCConfigurationList section */

/* Begin XCRemoteSwiftPackageReference section */
		8F5C76D12BC536B200B07ABF /* XCRemoteSwiftPackageReference "Container" */ = {
			isa = XCRemoteSwiftPackageReference;
			repositoryURL = "https://github.com/pikciu/Container.git";
			requirement = {
				kind = upToNextMajorVersion;
				minimumVersion = 1.4.0;
			};
		};
/* End XCRemoteSwiftPackageReference section */

/* Begin XCSwiftPackageProductDependency section */
		8F5C76D22BC536B200B07ABF /* Container */ = {
			isa = XCSwiftPackageProductDependency;
			package = 8F5C76D12BC536B200B07ABF /* XCRemoteSwiftPackageReference "Container" */;
			productName = Container;
		};
/* End XCSwiftPackageProductDependency section */
	};
	rootObject = 8F763CC92BB6EAFE00B48DB4 /* Project object */;
}
